// !$*UTF8*$!
{
	archiveVersion = 1;
	classes = {
	};
	objectVersion = 46;
	objects = {

/* Begin PBXBuildFile section */
		5F19968F1CB5AE8F00B1C5DB /* Extensions.h in Headers */ = {isa = PBXBuildFile; fileRef = 5F19968E1CB5AE8F00B1C5DB /* Extensions.h */; settings = {ATTRIBUTES = (Public, ); }; };
		5F1996A21CB5AF2100B1C5DB /* Extension.swift in Sources */ = {isa = PBXBuildFile; fileRef = 5F1996A11CB5AF2100B1C5DB /* Extension.swift */; };
		5F1996A41CB5AF6D00B1C5DB /* Evaluator.swift in Sources */ = {isa = PBXBuildFile; fileRef = 5F1996A31CB5AF6D00B1C5DB /* Evaluator.swift */; };
		5F1996A61CB5AFEC00B1C5DB /* EvaluatorRegistry.swift in Sources */ = {isa = PBXBuildFile; fileRef = 5F1996A51CB5AFEC00B1C5DB /* EvaluatorRegistry.swift */; };
		5F1996AA1CB5B1DC00B1C5DB /* JavaScriptEvaluators.swift in Sources */ = {isa = PBXBuildFile; fileRef = 5F1996A91CB5B1DC00B1C5DB /* JavaScriptEvaluators.swift */; };
		5F1996AC1CB5B31D00B1C5DB /* WebKit.framework in Frameworks */ = {isa = PBXBuildFile; fileRef = 5F1996AB1CB5B31D00B1C5DB /* WebKit.framework */; };
		5F1996AE1CB5B32100B1C5DB /* JavaScriptCore.framework in Frameworks */ = {isa = PBXBuildFile; fileRef = 5F1996AD1CB5B32100B1C5DB /* JavaScriptCore.framework */; };
		5F1996B01CB5B36100B1C5DB /* REvaluator.swift in Sources */ = {isa = PBXBuildFile; fileRef = 5F1996AF1CB5B36100B1C5DB /* REvaluator.swift */; };
		5F1996B81CB5B58400B1C5DB /* ExtensionsTests.swift in Sources */ = {isa = PBXBuildFile; fileRef = 5F1996B71CB5B58400B1C5DB /* ExtensionsTests.swift */; };
		5F1996BA1CB5B58400B1C5DB /* Extensions.framework in Frameworks */ = {isa = PBXBuildFile; fileRef = 5F19968B1CB5AE8F00B1C5DB /* Extensions.framework */; };
		5F1996CB1CB7036100B1C5DB /* EvaluatorDebugViewController.swift in Sources */ = {isa = PBXBuildFile; fileRef = 5F1996C91CB7036100B1C5DB /* EvaluatorDebugViewController.swift */; };
		5F1996CC1CB7036100B1C5DB /* EvaluatorDebugViewController.xib in Resources */ = {isa = PBXBuildFile; fileRef = 5F1996CA1CB7036100B1C5DB /* EvaluatorDebugViewController.xib */; };
		5F1996D21CB7DFDA00B1C5DB /* Extension+Serialization.swift in Sources */ = {isa = PBXBuildFile; fileRef = 5F1996D11CB7DFDA00B1C5DB /* Extension+Serialization.swift */; };
		5F2BBA091CC8045600EA1D66 /* ProteinDataBankResolver.swift in Sources */ = {isa = PBXBuildFile; fileRef = 5F2BBA081CC8045600EA1D66 /* ProteinDataBankResolver.swift */; };
		5F2BBA0B1CC81D6B00EA1D66 /* Resolver.swift in Sources */ = {isa = PBXBuildFile; fileRef = 5F2BBA0A1CC81D6B00EA1D66 /* Resolver.swift */; };
		5F2BBA0D1CC81F2200EA1D66 /* Resolvable.swift in Sources */ = {isa = PBXBuildFile; fileRef = 5F2BBA0C1CC81F2200EA1D66 /* Resolvable.swift */; };
		5F34E2C01CC7E84B00A5DAF1 /* biolit.html in Resources */ = {isa = PBXBuildFile; fileRef = 5F34E2BF1CC7E84B00A5DAF1 /* biolit.html */; };
		5F34E2C31CC7E88D00A5DAF1 /* RegexKitLite.framework in Frameworks */ = {isa = PBXBuildFile; fileRef = 5F34E2C11CC7E88D00A5DAF1 /* RegexKitLite.framework */; };
		5F34E2C41CC7E88D00A5DAF1 /* RegexKitLite.framework.dSYM in Resources */ = {isa = PBXBuildFile; fileRef = 5F34E2C21CC7E88D00A5DAF1 /* RegexKitLite.framework.dSYM */; };
		5F34E2C51CC7E8F200A5DAF1 /* RegexKitLite.framework in Copy Frameworks */ = {isa = PBXBuildFile; fileRef = 5F34E2C11CC7E88D00A5DAF1 /* RegexKitLite.framework */; settings = {ATTRIBUTES = (CodeSignOnCopy, RemoveHeadersOnCopy, ); }; };
		5F34E2C71CC7EBFC00A5DAF1 /* ResolvingProcessor.swift in Sources */ = {isa = PBXBuildFile; fileRef = 5F34E2C61CC7EBFC00A5DAF1 /* ResolvingProcessor.swift */; };
		5F34E2CA1CC7EFF000A5DAF1 /* PubMedResolver.swift in Sources */ = {isa = PBXBuildFile; fileRef = 5F34E2C91CC7EFF000A5DAF1 /* PubMedResolver.swift */; };
		5F34E2CF1CC7F0D900A5DAF1 /* BibliographyItem.swift in Sources */ = {isa = PBXBuildFile; fileRef = 5F34E2CE1CC7F0D900A5DAF1 /* BibliographyItem.swift */; };
		5F34E2D21CC7FF8B00A5DAF1 /* SimpleBibliographyItem.swift in Sources */ = {isa = PBXBuildFile; fileRef = 5F34E2D11CC7FF8B00A5DAF1 /* SimpleBibliographyItem.swift */; };
		5F44B8001CCA6D700047A4F0 /* String+Extensions.swift in Sources */ = {isa = PBXBuildFile; fileRef = 5F44B7FF1CCA6D700047A4F0 /* String+Extensions.swift */; };
		5F44B8071CCA7C940047A4F0 /* Mathematical.swift in Sources */ = {isa = PBXBuildFile; fileRef = 5F44B8061CCA7C940047A4F0 /* Mathematical.swift */; };
		5F44B8091CCA7CB50047A4F0 /* Identifiable.swift in Sources */ = {isa = PBXBuildFile; fileRef = 5F44B8081CCA7CB50047A4F0 /* Identifiable.swift */; };
		5F44B80E1CCA7DC20047A4F0 /* ElementTypes.swift in Sources */ = {isa = PBXBuildFile; fileRef = 5F44B80D1CCA7DC20047A4F0 /* ElementTypes.swift */; };
		5F44B8101CCA87700047A4F0 /* DictionaryRepresentable.swift in Sources */ = {isa = PBXBuildFile; fileRef = 5F44B80F1CCA87700047A4F0 /* DictionaryRepresentable.swift */; };
		5F44B8121CCA912F0047A4F0 /* DocumentProcessor.swift in Sources */ = {isa = PBXBuildFile; fileRef = 5F44B8111CCA912F0047A4F0 /* DocumentProcessor.swift */; };
		5F44B8141CCA91370047A4F0 /* ElementProcessor.swift in Sources */ = {isa = PBXBuildFile; fileRef = 5F44B8131CCA91370047A4F0 /* ElementProcessor.swift */; };
		5F44B8161CCA913E0047A4F0 /* FragmentProcessor.swift in Sources */ = {isa = PBXBuildFile; fileRef = 5F44B8151CCA913E0047A4F0 /* FragmentProcessor.swift */; };
		5F44B81A1CCACCE20047A4F0 /* SWXMLHash.framework in Frameworks */ = {isa = PBXBuildFile; fileRef = 5F44B8181CCACCE20047A4F0 /* SWXMLHash.framework */; };
		5F44B81C1CCACCFF0047A4F0 /* RegexKitLite.framework in Frameworks */ = {isa = PBXBuildFile; fileRef = 5F34E2C11CC7E88D00A5DAF1 /* RegexKitLite.framework */; };
		5F44B81D1CCACD000047A4F0 /* SWXMLHash.framework in Frameworks */ = {isa = PBXBuildFile; fileRef = 5F44B8181CCACCE20047A4F0 /* SWXMLHash.framework */; };
		5F44B81F1CCAD09B0047A4F0 /* Int+Extensions.swift in Sources */ = {isa = PBXBuildFile; fileRef = 5F44B81E1CCAD09B0047A4F0 /* Int+Extensions.swift */; };
		5F44B8211CCAD56E0047A4F0 /* NSURLRequest+Extensions.swift in Sources */ = {isa = PBXBuildFile; fileRef = 5F44B8201CCAD56E0047A4F0 /* NSURLRequest+Extensions.swift */; };
		5F44B8221CCAE7180047A4F0 /* SWXMLHash.framework in Copy Frameworks */ = {isa = PBXBuildFile; fileRef = 5F44B8181CCACCE20047A4F0 /* SWXMLHash.framework */; settings = {ATTRIBUTES = (CodeSignOnCopy, RemoveHeadersOnCopy, ); }; };
		5F44B8231CCAE7260047A4F0 /* WebKit.framework in Frameworks */ = {isa = PBXBuildFile; fileRef = 5F1996AB1CB5B31D00B1C5DB /* WebKit.framework */; };
		5F44B8251CCAED7F0047A4F0 /* DigitalObjectIdentifierResolver.swift in Sources */ = {isa = PBXBuildFile; fileRef = 5F44B8241CCAED7F0047A4F0 /* DigitalObjectIdentifierResolver.swift */; };
		5F44B8281CCAF86B0047A4F0 /* RateLimit.framework in Frameworks */ = {isa = PBXBuildFile; fileRef = 5F44B8261CCAF86B0047A4F0 /* RateLimit.framework */; };
		5F44B82A1CCAF87B0047A4F0 /* RateLimit.framework in Frameworks */ = {isa = PBXBuildFile; fileRef = 5F44B8261CCAF86B0047A4F0 /* RateLimit.framework */; };
		5F44B82B1CCAF87E0047A4F0 /* RateLimit.framework in Copy Frameworks */ = {isa = PBXBuildFile; fileRef = 5F44B8261CCAF86B0047A4F0 /* RateLimit.framework */; settings = {ATTRIBUTES = (CodeSignOnCopy, RemoveHeadersOnCopy, ); }; };
		5F44B82D1CCBA4BA0047A4F0 /* 1HIV.rcsb-xml in Resources */ = {isa = PBXBuildFile; fileRef = 5F44B82C1CCBA4BA0047A4F0 /* 1HIV.rcsb-xml */; };
		5F44B8311CCBA79A0047A4F0 /* OHHTTPStubs.framework in Frameworks */ = {isa = PBXBuildFile; fileRef = 5F44B82F1CCBA79A0047A4F0 /* OHHTTPStubs.framework */; };
		5F44B8331CCBA7A20047A4F0 /* OHHTTPStubs.framework in Copy Frameworks */ = {isa = PBXBuildFile; fileRef = 5F44B82F1CCBA79A0047A4F0 /* OHHTTPStubs.framework */; settings = {ATTRIBUTES = (CodeSignOnCopy, RemoveHeadersOnCopy, ); }; };
		5F44B8351CCBAABB0047A4F0 /* 1304383.pubmed-xml in Resources */ = {isa = PBXBuildFile; fileRef = 5F44B8341CCBAABB0047A4F0 /* 1304383.pubmed-xml */; };
		5F44B8381CCBCC850047A4F0 /* BibliographicName.swift in Sources */ = {isa = PBXBuildFile; fileRef = 5F44B8371CCBCC850047A4F0 /* BibliographicName.swift */; };
		5F44B83A1CCBCCA10047A4F0 /* BibliographicDate.swift in Sources */ = {isa = PBXBuildFile; fileRef = 5F44B8391CCBCCA10047A4F0 /* BibliographicDate.swift */; };
		5F44B83C1CCBCD480047A4F0 /* SimpleBibliographicName.swift in Sources */ = {isa = PBXBuildFile; fileRef = 5F44B83B1CCBCD480047A4F0 /* SimpleBibliographicName.swift */; };
		5F571C7C1CC32774003471D5 /* MPTimer.framework in Frameworks */ = {isa = PBXBuildFile; fileRef = 5F571C7A1CC32774003471D5 /* MPTimer.framework */; };
		5F571C7D1CC32774003471D5 /* MPTimer.framework.dSYM in Resources */ = {isa = PBXBuildFile; fileRef = 5F571C7B1CC32774003471D5 /* MPTimer.framework.dSYM */; };
		5F571C7E1CC32780003471D5 /* MPTimer.framework in Copy Frameworks */ = {isa = PBXBuildFile; fileRef = 5F571C7A1CC32774003471D5 /* MPTimer.framework */; settings = {ATTRIBUTES = (CodeSignOnCopy, RemoveHeadersOnCopy, ); }; };
		5F571C911CC41942003471D5 /* DocumentProcessorError.swift in Sources */ = {isa = PBXBuildFile; fileRef = 5F571C901CC41942003471D5 /* DocumentProcessorError.swift */; };
		5F7EE47E1CB7E52700F4B7EA /* Freddy.framework in Frameworks */ = {isa = PBXBuildFile; fileRef = 5F7EE47C1CB7E52700F4B7EA /* Freddy.framework */; };
		5F7EE47F1CB7E52700F4B7EA /* Freddy.framework.dSYM in Resources */ = {isa = PBXBuildFile; fileRef = 5F7EE47D1CB7E52700F4B7EA /* Freddy.framework.dSYM */; };
		5F7EE4811CB7F89D00F4B7EA /* ExtensionRegistry.swift in Sources */ = {isa = PBXBuildFile; fileRef = 5F7EE4801CB7F89D00F4B7EA /* ExtensionRegistry.swift */; };
		5F7EE4861CB8374F00F4B7EA /* Procedure.swift in Sources */ = {isa = PBXBuildFile; fileRef = 5F7EE4851CB8374F00F4B7EA /* Procedure.swift */; };
		5F7EE4911CB85C5600F4B7EA /* JavaScriptEvaluatorWebKit.html in Copy JS Resources */ = {isa = PBXBuildFile; fileRef = 5F7EE48E1CB85C2B00F4B7EA /* JavaScriptEvaluatorWebKit.html */; };
		5F7EE4A21CBA9BAA00F4B7EA /* JSExample.extension in Copy Extensions */ = {isa = PBXBuildFile; fileRef = 5F7EE49B1CBA9B8D00F4B7EA /* JSExample.extension */; settings = {ATTRIBUTES = (CodeSignOnCopy, RemoveHeadersOnCopy, ); }; };
		5F7EE4AB1CBAD42200F4B7EA /* example-1.js in Resources */ = {isa = PBXBuildFile; fileRef = 5F7EE4A61CBAC4A100F4B7EA /* example-1.js */; };
		5F7EE4AC1CBAD42200F4B7EA /* example-2.js in Resources */ = {isa = PBXBuildFile; fileRef = 5F7EE4A81CBAC4A800F4B7EA /* example-2.js */; };
		5F7EE4AE1CBAD43E00F4B7EA /* Freddy.framework in Copy Frameworks */ = {isa = PBXBuildFile; fileRef = 5F7EE47C1CB7E52700F4B7EA /* Freddy.framework */; settings = {ATTRIBUTES = (CodeSignOnCopy, RemoveHeadersOnCopy, ); }; };
		5F7EE4AF1CBAD44100F4B7EA /* Extensions.framework in Copy Frameworks */ = {isa = PBXBuildFile; fileRef = 5F19968B1CB5AE8F00B1C5DB /* Extensions.framework */; settings = {ATTRIBUTES = (CodeSignOnCopy, RemoveHeadersOnCopy, ); }; };
		5F7EE4B11CBAD9D200F4B7EA /* NSFileManager+Extensions.swift in Sources */ = {isa = PBXBuildFile; fileRef = 5F7EE4B01CBAD9D200F4B7EA /* NSFileManager+Extensions.swift */; };
		5F7EE4BA1CBB2BE600F4B7EA /* Dictionary+Extensions.swift in Sources */ = {isa = PBXBuildFile; fileRef = 5F7EE4B91CBB2BE600F4B7EA /* Dictionary+Extensions.swift */; };
		5FC2B2C51CBC9B02001F77FB /* NSNumber+Extensions.swift in Sources */ = {isa = PBXBuildFile; fileRef = 5FC2B2C41CBC9B02001F77FB /* NSNumber+Extensions.swift */; };
		5FC2B2C81CBCA87E001F77FB /* EvaluatorDebugWindowController.swift in Sources */ = {isa = PBXBuildFile; fileRef = 5FC2B2C61CBCA87E001F77FB /* EvaluatorDebugWindowController.swift */; };
		5FC2B2C91CBCA87E001F77FB /* EvaluatorDebugWindowController.xib in Resources */ = {isa = PBXBuildFile; fileRef = 5FC2B2C71CBCA87E001F77FB /* EvaluatorDebugWindowController.xib */; };
		5FC2B2CE1CBCAA75001F77FB /* NSView+Extensions.swift in Sources */ = {isa = PBXBuildFile; fileRef = 5FC2B2CD1CBCAA75001F77FB /* NSView+Extensions.swift */; };
		5FC2B2DE1CBD3C49001F77FB /* index.html in Resources */ = {isa = PBXBuildFile; fileRef = 5FC2B2DD1CBD3C49001F77FB /* index.html */; };
		5FC2B2E11CBD3D33001F77FB /* scripts in Resources */ = {isa = PBXBuildFile; fileRef = 5FC2B2DF1CBD3D33001F77FB /* scripts */; };
		5FC2B2E21CBD3D33001F77FB /* styles in Resources */ = {isa = PBXBuildFile; fileRef = 5FC2B2E01CBD3D33001F77FB /* styles */; };
/* End PBXBuildFile section */

/* Begin PBXContainerItemProxy section */
		5F1996BB1CB5B58400B1C5DB /* PBXContainerItemProxy */ = {
			isa = PBXContainerItemProxy;
			containerPortal = 5F1996821CB5AE8F00B1C5DB /* Project object */;
			proxyType = 1;
			remoteGlobalIDString = 5F19968A1CB5AE8F00B1C5DB;
			remoteInfo = Extensions;
		};
/* End PBXContainerItemProxy section */

/* Begin PBXCopyFilesBuildPhase section */
		5F7EE4901CB85C4900F4B7EA /* Copy JS Resources */ = {
			isa = PBXCopyFilesBuildPhase;
			buildActionMask = 2147483647;
			dstPath = JavaScriptEvaluatorWebKit;
			dstSubfolderSpec = 7;
			files = (
				5F7EE4911CB85C5600F4B7EA /* JavaScriptEvaluatorWebKit.html in Copy JS Resources */,
			);
			name = "Copy JS Resources";
			runOnlyForDeploymentPostprocessing = 0;
		};
		5F7EE4A11CBA9B9900F4B7EA /* Copy Extensions */ = {
			isa = PBXCopyFilesBuildPhase;
			buildActionMask = 2147483647;
			dstPath = "";
			dstSubfolderSpec = 7;
			files = (
				5F7EE4A21CBA9BAA00F4B7EA /* JSExample.extension in Copy Extensions */,
			);
			name = "Copy Extensions";
			runOnlyForDeploymentPostprocessing = 0;
		};
		5F7EE4AD1CBAD42E00F4B7EA /* Copy Frameworks */ = {
			isa = PBXCopyFilesBuildPhase;
			buildActionMask = 2147483647;
			dstPath = "";
			dstSubfolderSpec = 10;
			files = (
				5F44B8331CCBA7A20047A4F0 /* OHHTTPStubs.framework in Copy Frameworks */,
				5F44B82B1CCAF87E0047A4F0 /* RateLimit.framework in Copy Frameworks */,
				5F34E2C51CC7E8F200A5DAF1 /* RegexKitLite.framework in Copy Frameworks */,
				5F7EE4AE1CBAD43E00F4B7EA /* Freddy.framework in Copy Frameworks */,
				5F7EE4AF1CBAD44100F4B7EA /* Extensions.framework in Copy Frameworks */,
				5F571C7E1CC32780003471D5 /* MPTimer.framework in Copy Frameworks */,
				5F44B8221CCAE7180047A4F0 /* SWXMLHash.framework in Copy Frameworks */,
			);
			name = "Copy Frameworks";
			runOnlyForDeploymentPostprocessing = 0;
		};
/* End PBXCopyFilesBuildPhase section */

/* Begin PBXFileReference section */
		5F19968B1CB5AE8F00B1C5DB /* Extensions.framework */ = {isa = PBXFileReference; explicitFileType = wrapper.framework; includeInIndex = 0; path = Extensions.framework; sourceTree = BUILT_PRODUCTS_DIR; };
		5F19968E1CB5AE8F00B1C5DB /* Extensions.h */ = {isa = PBXFileReference; lastKnownFileType = sourcecode.c.h; path = Extensions.h; sourceTree = "<group>"; };
		5F1996901CB5AE8F00B1C5DB /* Info.plist */ = {isa = PBXFileReference; lastKnownFileType = text.plist.xml; path = Info.plist; sourceTree = "<group>"; };
		5F1996A11CB5AF2100B1C5DB /* Extension.swift */ = {isa = PBXFileReference; fileEncoding = 4; lastKnownFileType = sourcecode.swift; path = Extension.swift; sourceTree = "<group>"; };
		5F1996A31CB5AF6D00B1C5DB /* Evaluator.swift */ = {isa = PBXFileReference; fileEncoding = 4; lastKnownFileType = sourcecode.swift; path = Evaluator.swift; sourceTree = "<group>"; };
		5F1996A51CB5AFEC00B1C5DB /* EvaluatorRegistry.swift */ = {isa = PBXFileReference; fileEncoding = 4; lastKnownFileType = sourcecode.swift; path = EvaluatorRegistry.swift; sourceTree = "<group>"; };
		5F1996A91CB5B1DC00B1C5DB /* JavaScriptEvaluators.swift */ = {isa = PBXFileReference; fileEncoding = 4; lastKnownFileType = sourcecode.swift; path = JavaScriptEvaluators.swift; sourceTree = "<group>"; };
		5F1996AB1CB5B31D00B1C5DB /* WebKit.framework */ = {isa = PBXFileReference; lastKnownFileType = wrapper.framework; name = WebKit.framework; path = System/Library/Frameworks/WebKit.framework; sourceTree = SDKROOT; };
		5F1996AD1CB5B32100B1C5DB /* JavaScriptCore.framework */ = {isa = PBXFileReference; lastKnownFileType = wrapper.framework; name = JavaScriptCore.framework; path = System/Library/Frameworks/JavaScriptCore.framework; sourceTree = SDKROOT; };
		5F1996AF1CB5B36100B1C5DB /* REvaluator.swift */ = {isa = PBXFileReference; fileEncoding = 4; lastKnownFileType = sourcecode.swift; path = REvaluator.swift; sourceTree = "<group>"; };
		5F1996B51CB5B58400B1C5DB /* ExtensionsTests.xctest */ = {isa = PBXFileReference; explicitFileType = wrapper.cfbundle; includeInIndex = 0; path = ExtensionsTests.xctest; sourceTree = BUILT_PRODUCTS_DIR; };
		5F1996B71CB5B58400B1C5DB /* ExtensionsTests.swift */ = {isa = PBXFileReference; lastKnownFileType = sourcecode.swift; path = ExtensionsTests.swift; sourceTree = "<group>"; };
		5F1996B91CB5B58400B1C5DB /* Info.plist */ = {isa = PBXFileReference; lastKnownFileType = text.plist.xml; path = Info.plist; sourceTree = "<group>"; };
		5F1996C91CB7036100B1C5DB /* EvaluatorDebugViewController.swift */ = {isa = PBXFileReference; fileEncoding = 4; lastKnownFileType = sourcecode.swift; path = EvaluatorDebugViewController.swift; sourceTree = "<group>"; };
		5F1996CA1CB7036100B1C5DB /* EvaluatorDebugViewController.xib */ = {isa = PBXFileReference; fileEncoding = 4; lastKnownFileType = file.xib; path = EvaluatorDebugViewController.xib; sourceTree = "<group>"; };
		5F1996CD1CB7084100B1C5DB /* JavaScriptEvaluatorWebKit.js */ = {isa = PBXFileReference; fileEncoding = 4; lastKnownFileType = sourcecode.javascript; path = JavaScriptEvaluatorWebKit.js; sourceTree = "<group>"; };
		5F1996D11CB7DFDA00B1C5DB /* Extension+Serialization.swift */ = {isa = PBXFileReference; fileEncoding = 4; lastKnownFileType = sourcecode.swift; path = "Extension+Serialization.swift"; sourceTree = "<group>"; };
		5F2BBA081CC8045600EA1D66 /* ProteinDataBankResolver.swift */ = {isa = PBXFileReference; fileEncoding = 4; lastKnownFileType = sourcecode.swift; path = ProteinDataBankResolver.swift; sourceTree = "<group>"; };
		5F2BBA0A1CC81D6B00EA1D66 /* Resolver.swift */ = {isa = PBXFileReference; fileEncoding = 4; lastKnownFileType = sourcecode.swift; path = Resolver.swift; sourceTree = "<group>"; };
		5F2BBA0C1CC81F2200EA1D66 /* Resolvable.swift */ = {isa = PBXFileReference; fileEncoding = 4; lastKnownFileType = sourcecode.swift; path = Resolvable.swift; sourceTree = "<group>"; };
		5F34E2BF1CC7E84B00A5DAF1 /* biolit.html */ = {isa = PBXFileReference; fileEncoding = 4; lastKnownFileType = text.html; path = biolit.html; sourceTree = "<group>"; };
		5F34E2C11CC7E88D00A5DAF1 /* RegexKitLite.framework */ = {isa = PBXFileReference; lastKnownFileType = wrapper.framework; name = RegexKitLite.framework; path = Carthage/Build/Mac/RegexKitLite.framework; sourceTree = "<group>"; };
		5F34E2C21CC7E88D00A5DAF1 /* RegexKitLite.framework.dSYM */ = {isa = PBXFileReference; lastKnownFileType = wrapper.dsym; name = RegexKitLite.framework.dSYM; path = Carthage/Build/Mac/RegexKitLite.framework.dSYM; sourceTree = "<group>"; };
		5F34E2C61CC7EBFC00A5DAF1 /* ResolvingProcessor.swift */ = {isa = PBXFileReference; fileEncoding = 4; lastKnownFileType = sourcecode.swift; path = ResolvingProcessor.swift; sourceTree = "<group>"; };
		5F34E2C91CC7EFF000A5DAF1 /* PubMedResolver.swift */ = {isa = PBXFileReference; fileEncoding = 4; lastKnownFileType = sourcecode.swift; path = PubMedResolver.swift; sourceTree = "<group>"; };
		5F34E2CE1CC7F0D900A5DAF1 /* BibliographyItem.swift */ = {isa = PBXFileReference; fileEncoding = 4; lastKnownFileType = sourcecode.swift; name = BibliographyItem.swift; path = "Model Protocols/BibliographyItem.swift"; sourceTree = "<group>"; };
		5F34E2D11CC7FF8B00A5DAF1 /* SimpleBibliographyItem.swift */ = {isa = PBXFileReference; fileEncoding = 4; lastKnownFileType = sourcecode.swift; path = SimpleBibliographyItem.swift; sourceTree = "<group>"; };
		5F44B7FF1CCA6D700047A4F0 /* String+Extensions.swift */ = {isa = PBXFileReference; fileEncoding = 4; lastKnownFileType = sourcecode.swift; path = "String+Extensions.swift"; sourceTree = "<group>"; };
		5F44B8061CCA7C940047A4F0 /* Mathematical.swift */ = {isa = PBXFileReference; fileEncoding = 4; lastKnownFileType = sourcecode.swift; path = Mathematical.swift; sourceTree = "<group>"; };
		5F44B8081CCA7CB50047A4F0 /* Identifiable.swift */ = {isa = PBXFileReference; fileEncoding = 4; lastKnownFileType = sourcecode.swift; path = Identifiable.swift; sourceTree = "<group>"; };
		5F44B80D1CCA7DC20047A4F0 /* ElementTypes.swift */ = {isa = PBXFileReference; fileEncoding = 4; lastKnownFileType = sourcecode.swift; path = ElementTypes.swift; sourceTree = "<group>"; };
		5F44B80F1CCA87700047A4F0 /* DictionaryRepresentable.swift */ = {isa = PBXFileReference; fileEncoding = 4; lastKnownFileType = sourcecode.swift; path = DictionaryRepresentable.swift; sourceTree = "<group>"; };
		5F44B8111CCA912F0047A4F0 /* DocumentProcessor.swift */ = {isa = PBXFileReference; fileEncoding = 4; lastKnownFileType = sourcecode.swift; path = DocumentProcessor.swift; sourceTree = "<group>"; };
		5F44B8131CCA91370047A4F0 /* ElementProcessor.swift */ = {isa = PBXFileReference; fileEncoding = 4; lastKnownFileType = sourcecode.swift; path = ElementProcessor.swift; sourceTree = "<group>"; };
		5F44B8151CCA913E0047A4F0 /* FragmentProcessor.swift */ = {isa = PBXFileReference; fileEncoding = 4; lastKnownFileType = sourcecode.swift; path = FragmentProcessor.swift; sourceTree = "<group>"; };
		5F44B8181CCACCE20047A4F0 /* SWXMLHash.framework */ = {isa = PBXFileReference; lastKnownFileType = wrapper.framework; name = SWXMLHash.framework; path = ../../Build/Mac/SWXMLHash.framework; sourceTree = "<group>"; };
		5F44B8191CCACCE20047A4F0 /* SWXMLHash.framework.dSYM */ = {isa = PBXFileReference; lastKnownFileType = wrapper.dsym; name = SWXMLHash.framework.dSYM; path = ../../Build/Mac/SWXMLHash.framework.dSYM; sourceTree = "<group>"; };
		5F44B81E1CCAD09B0047A4F0 /* Int+Extensions.swift */ = {isa = PBXFileReference; fileEncoding = 4; lastKnownFileType = sourcecode.swift; path = "Int+Extensions.swift"; sourceTree = "<group>"; };
		5F44B8201CCAD56E0047A4F0 /* NSURLRequest+Extensions.swift */ = {isa = PBXFileReference; fileEncoding = 4; lastKnownFileType = sourcecode.swift; path = "NSURLRequest+Extensions.swift"; sourceTree = "<group>"; };
		5F44B8241CCAED7F0047A4F0 /* DigitalObjectIdentifierResolver.swift */ = {isa = PBXFileReference; fileEncoding = 4; lastKnownFileType = sourcecode.swift; path = DigitalObjectIdentifierResolver.swift; sourceTree = "<group>"; };
		5F44B8261CCAF86B0047A4F0 /* RateLimit.framework */ = {isa = PBXFileReference; lastKnownFileType = wrapper.framework; name = RateLimit.framework; path = ../../Build/Mac/RateLimit.framework; sourceTree = "<group>"; };
		5F44B8271CCAF86B0047A4F0 /* RateLimit.framework.dSYM */ = {isa = PBXFileReference; lastKnownFileType = wrapper.dsym; name = RateLimit.framework.dSYM; path = ../../Build/Mac/RateLimit.framework.dSYM; sourceTree = "<group>"; };
		5F44B82C1CCBA4BA0047A4F0 /* 1HIV.rcsb-xml */ = {isa = PBXFileReference; fileEncoding = 4; lastKnownFileType = text; path = "1HIV.rcsb-xml"; sourceTree = "<group>"; };
		5F44B82F1CCBA79A0047A4F0 /* OHHTTPStubs.framework */ = {isa = PBXFileReference; lastKnownFileType = wrapper.framework; name = OHHTTPStubs.framework; path = ../../Build/Mac/OHHTTPStubs.framework; sourceTree = "<group>"; };
		5F44B8301CCBA79A0047A4F0 /* OHHTTPStubs.framework.dSYM */ = {isa = PBXFileReference; lastKnownFileType = wrapper.dsym; name = OHHTTPStubs.framework.dSYM; path = ../../Build/Mac/OHHTTPStubs.framework.dSYM; sourceTree = "<group>"; };
		5F44B8341CCBAABB0047A4F0 /* 1304383.pubmed-xml */ = {isa = PBXFileReference; fileEncoding = 4; lastKnownFileType = text; path = "1304383.pubmed-xml"; sourceTree = "<group>"; };
		5F44B8371CCBCC850047A4F0 /* BibliographicName.swift */ = {isa = PBXFileReference; fileEncoding = 4; lastKnownFileType = sourcecode.swift; path = BibliographicName.swift; sourceTree = "<group>"; };
		5F44B8391CCBCCA10047A4F0 /* BibliographicDate.swift */ = {isa = PBXFileReference; fileEncoding = 4; lastKnownFileType = sourcecode.swift; path = BibliographicDate.swift; sourceTree = "<group>"; };
		5F44B83B1CCBCD480047A4F0 /* SimpleBibliographicName.swift */ = {isa = PBXFileReference; fileEncoding = 4; lastKnownFileType = sourcecode.swift; path = SimpleBibliographicName.swift; sourceTree = "<group>"; };
		5F571C7A1CC32774003471D5 /* MPTimer.framework */ = {isa = PBXFileReference; lastKnownFileType = wrapper.framework; name = MPTimer.framework; path = Carthage/Build/Mac/MPTimer.framework; sourceTree = "<group>"; };
		5F571C7B1CC32774003471D5 /* MPTimer.framework.dSYM */ = {isa = PBXFileReference; lastKnownFileType = wrapper.dsym; name = MPTimer.framework.dSYM; path = Carthage/Build/Mac/MPTimer.framework.dSYM; sourceTree = "<group>"; };
		5F571C901CC41942003471D5 /* DocumentProcessorError.swift */ = {isa = PBXFileReference; fileEncoding = 4; lastKnownFileType = sourcecode.swift; path = DocumentProcessorError.swift; sourceTree = "<group>"; };
		5F7EE47C1CB7E52700F4B7EA /* Freddy.framework */ = {isa = PBXFileReference; lastKnownFileType = wrapper.framework; name = Freddy.framework; path = Carthage/Build/Mac/Freddy.framework; sourceTree = "<group>"; };
		5F7EE47D1CB7E52700F4B7EA /* Freddy.framework.dSYM */ = {isa = PBXFileReference; lastKnownFileType = wrapper.dsym; name = Freddy.framework.dSYM; path = Carthage/Build/Mac/Freddy.framework.dSYM; sourceTree = "<group>"; };
		5F7EE4801CB7F89D00F4B7EA /* ExtensionRegistry.swift */ = {isa = PBXFileReference; fileEncoding = 4; lastKnownFileType = sourcecode.swift; path = ExtensionRegistry.swift; sourceTree = "<group>"; };
		5F7EE4851CB8374F00F4B7EA /* Procedure.swift */ = {isa = PBXFileReference; fileEncoding = 4; lastKnownFileType = sourcecode.swift; path = Procedure.swift; sourceTree = "<group>"; };
		5F7EE48E1CB85C2B00F4B7EA /* JavaScriptEvaluatorWebKit.html */ = {isa = PBXFileReference; fileEncoding = 4; lastKnownFileType = text.html; name = JavaScriptEvaluatorWebKit.html; path = JavaScriptEvaluatorWebKit/app/JavaScriptEvaluatorWebKit.html; sourceTree = SOURCE_ROOT; };
		5F7EE49B1CBA9B8D00F4B7EA /* JSExample.extension */ = {isa = PBXFileReference; explicitFileType = wrapper.cfbundle; includeInIndex = 0; path = JSExample.extension; sourceTree = BUILT_PRODUCTS_DIR; };
		5F7EE49D1CBA9B8D00F4B7EA /* Info.plist */ = {isa = PBXFileReference; lastKnownFileType = text.plist.xml; path = Info.plist; sourceTree = "<group>"; };
		5F7EE4A61CBAC4A100F4B7EA /* example-1.js */ = {isa = PBXFileReference; fileEncoding = 4; lastKnownFileType = sourcecode.javascript; path = "example-1.js"; sourceTree = "<group>"; };
		5F7EE4A81CBAC4A800F4B7EA /* example-2.js */ = {isa = PBXFileReference; fileEncoding = 4; lastKnownFileType = sourcecode.javascript; path = "example-2.js"; sourceTree = "<group>"; };
		5F7EE4B01CBAD9D200F4B7EA /* NSFileManager+Extensions.swift */ = {isa = PBXFileReference; fileEncoding = 4; lastKnownFileType = sourcecode.swift; path = "NSFileManager+Extensions.swift"; sourceTree = "<group>"; };
		5F7EE4B91CBB2BE600F4B7EA /* Dictionary+Extensions.swift */ = {isa = PBXFileReference; fileEncoding = 4; lastKnownFileType = sourcecode.swift; path = "Dictionary+Extensions.swift"; sourceTree = "<group>"; };
		5FC2B2C41CBC9B02001F77FB /* NSNumber+Extensions.swift */ = {isa = PBXFileReference; fileEncoding = 4; lastKnownFileType = sourcecode.swift; path = "NSNumber+Extensions.swift"; sourceTree = "<group>"; };
		5FC2B2C61CBCA87E001F77FB /* EvaluatorDebugWindowController.swift */ = {isa = PBXFileReference; fileEncoding = 4; lastKnownFileType = sourcecode.swift; path = EvaluatorDebugWindowController.swift; sourceTree = "<group>"; };
		5FC2B2C71CBCA87E001F77FB /* EvaluatorDebugWindowController.xib */ = {isa = PBXFileReference; fileEncoding = 4; lastKnownFileType = file.xib; path = EvaluatorDebugWindowController.xib; sourceTree = "<group>"; };
		5FC2B2CD1CBCAA75001F77FB /* NSView+Extensions.swift */ = {isa = PBXFileReference; fileEncoding = 4; lastKnownFileType = sourcecode.swift; path = "NSView+Extensions.swift"; sourceTree = "<group>"; };
		5FC2B2DD1CBD3C49001F77FB /* index.html */ = {isa = PBXFileReference; fileEncoding = 4; lastKnownFileType = text.html; name = index.html; path = app/index.html; sourceTree = "<group>"; };
		5FC2B2DF1CBD3D33001F77FB /* scripts */ = {isa = PBXFileReference; lastKnownFileType = folder; name = scripts; path = dist/scripts; sourceTree = "<group>"; };
		5FC2B2E01CBD3D33001F77FB /* styles */ = {isa = PBXFileReference; lastKnownFileType = folder; name = styles; path = dist/styles; sourceTree = "<group>"; };
/* End PBXFileReference section */

/* Begin PBXFrameworksBuildPhase section */
		5F1996871CB5AE8F00B1C5DB /* Frameworks */ = {
			isa = PBXFrameworksBuildPhase;
			buildActionMask = 2147483647;
			files = (
				5F44B8281CCAF86B0047A4F0 /* RateLimit.framework in Frameworks */,
				5F44B81A1CCACCE20047A4F0 /* SWXMLHash.framework in Frameworks */,
				5F1996AE1CB5B32100B1C5DB /* JavaScriptCore.framework in Frameworks */,
				5F7EE47E1CB7E52700F4B7EA /* Freddy.framework in Frameworks */,
				5F1996AC1CB5B31D00B1C5DB /* WebKit.framework in Frameworks */,
				5F571C7C1CC32774003471D5 /* MPTimer.framework in Frameworks */,
				5F44B81C1CCACCFF0047A4F0 /* RegexKitLite.framework in Frameworks */,
			);
			runOnlyForDeploymentPostprocessing = 0;
		};
		5F1996B21CB5B58400B1C5DB /* Frameworks */ = {
			isa = PBXFrameworksBuildPhase;
			buildActionMask = 2147483647;
			files = (
				5F44B8311CCBA79A0047A4F0 /* OHHTTPStubs.framework in Frameworks */,
				5F44B82A1CCAF87B0047A4F0 /* RateLimit.framework in Frameworks */,
				5F1996BA1CB5B58400B1C5DB /* Extensions.framework in Frameworks */,
				5F34E2C31CC7E88D00A5DAF1 /* RegexKitLite.framework in Frameworks */,
				5F44B81D1CCACD000047A4F0 /* SWXMLHash.framework in Frameworks */,
				5F44B8231CCAE7260047A4F0 /* WebKit.framework in Frameworks */,
			);
			runOnlyForDeploymentPostprocessing = 0;
		};
		5F7EE4981CBA9B8D00F4B7EA /* Frameworks */ = {
			isa = PBXFrameworksBuildPhase;
			buildActionMask = 2147483647;
			files = (
			);
			runOnlyForDeploymentPostprocessing = 0;
		};
/* End PBXFrameworksBuildPhase section */

/* Begin PBXGroup section */
		5F1996811CB5AE8F00B1C5DB = {
			isa = PBXGroup;
			children = (
				5F7EE49C1CBA9B8D00F4B7EA /* JSExample */,
				5F1996D71CB7E1EC00B1C5DB /* Frameworks */,
				5F19968D1CB5AE8F00B1C5DB /* Extensions */,
				5F1996B61CB5B58400B1C5DB /* ExtensionsTests */,
				5F19968C1CB5AE8F00B1C5DB /* Products */,
			);
			sourceTree = "<group>";
		};
		5F19968C1CB5AE8F00B1C5DB /* Products */ = {
			isa = PBXGroup;
			children = (
				5F19968B1CB5AE8F00B1C5DB /* Extensions.framework */,
				5F1996B51CB5B58400B1C5DB /* ExtensionsTests.xctest */,
				5F7EE49B1CBA9B8D00F4B7EA /* JSExample.extension */,
			);
			name = Products;
			sourceTree = "<group>";
		};
		5F19968D1CB5AE8F00B1C5DB /* Extensions */ = {
			isa = PBXGroup;
			children = (
				5F19968E1CB5AE8F00B1C5DB /* Extensions.h */,
				5F1996901CB5AE8F00B1C5DB /* Info.plist */,
				5F1996A11CB5AF2100B1C5DB /* Extension.swift */,
				5F1996D11CB7DFDA00B1C5DB /* Extension+Serialization.swift */,
				5F7EE4801CB7F89D00F4B7EA /* ExtensionRegistry.swift */,
				5F7EE4851CB8374F00F4B7EA /* Procedure.swift */,
				5F44B82E1CCBA58C0047A4F0 /* Cocoa Extensions */,
				5F7EE4871CB845B800F4B7EA /* Evaluators */,
				5F571C921CC41975003471D5 /* HTML Processor */,
				5F44B8361CCBCB370047A4F0 /* Model Implementations */,
				5F34E2D01CC7FD7E00A5DAF1 /* Model Protocols */,
				5F34E2C81CC7EDE000A5DAF1 /* Resolvers */,
			);
			path = Extensions;
			sourceTree = "<group>";
		};
		5F1996B61CB5B58400B1C5DB /* ExtensionsTests */ = {
			isa = PBXGroup;
			children = (
				5F34E2BF1CC7E84B00A5DAF1 /* biolit.html */,
				5F1996B71CB5B58400B1C5DB /* ExtensionsTests.swift */,
				5F1996B91CB5B58400B1C5DB /* Info.plist */,
				5F44B82C1CCBA4BA0047A4F0 /* 1HIV.rcsb-xml */,
				5F44B8341CCBAABB0047A4F0 /* 1304383.pubmed-xml */,
			);
			path = ExtensionsTests;
			sourceTree = "<group>";
		};
		5F1996D71CB7E1EC00B1C5DB /* Frameworks */ = {
			isa = PBXGroup;
			children = (
				5F44B82F1CCBA79A0047A4F0 /* OHHTTPStubs.framework */,
				5F44B8301CCBA79A0047A4F0 /* OHHTTPStubs.framework.dSYM */,
				5F44B8261CCAF86B0047A4F0 /* RateLimit.framework */,
				5F44B8271CCAF86B0047A4F0 /* RateLimit.framework.dSYM */,
				5F44B8181CCACCE20047A4F0 /* SWXMLHash.framework */,
				5F44B8191CCACCE20047A4F0 /* SWXMLHash.framework.dSYM */,
				5F34E2C11CC7E88D00A5DAF1 /* RegexKitLite.framework */,
				5F34E2C21CC7E88D00A5DAF1 /* RegexKitLite.framework.dSYM */,
				5F7EE47C1CB7E52700F4B7EA /* Freddy.framework */,
				5F7EE47D1CB7E52700F4B7EA /* Freddy.framework.dSYM */,
				5F1996AD1CB5B32100B1C5DB /* JavaScriptCore.framework */,
				5F571C7A1CC32774003471D5 /* MPTimer.framework */,
				5F571C7B1CC32774003471D5 /* MPTimer.framework.dSYM */,
				5F1996AB1CB5B31D00B1C5DB /* WebKit.framework */,
			);
			name = Frameworks;
			sourceTree = "<group>";
		};
		5F34E2C81CC7EDE000A5DAF1 /* Resolvers */ = {
			isa = PBXGroup;
			children = (
				5F44B8241CCAED7F0047A4F0 /* DigitalObjectIdentifierResolver.swift */,
				5F2BBA081CC8045600EA1D66 /* ProteinDataBankResolver.swift */,
				5F34E2C91CC7EFF000A5DAF1 /* PubMedResolver.swift */,
				5F2BBA0C1CC81F2200EA1D66 /* Resolvable.swift */,
				5F2BBA0A1CC81D6B00EA1D66 /* Resolver.swift */,
			);
			name = Resolvers;
			sourceTree = "<group>";
		};
		5F34E2D01CC7FD7E00A5DAF1 /* Model Protocols */ = {
			isa = PBXGroup;
			children = (
				5F34E2CE1CC7F0D900A5DAF1 /* BibliographyItem.swift */,
				5F44B8081CCA7CB50047A4F0 /* Identifiable.swift */,
				5F44B8061CCA7C940047A4F0 /* Mathematical.swift */,
				5F44B80D1CCA7DC20047A4F0 /* ElementTypes.swift */,
				5F44B80F1CCA87700047A4F0 /* DictionaryRepresentable.swift */,
				5F44B8371CCBCC850047A4F0 /* BibliographicName.swift */,
				5F44B8391CCBCCA10047A4F0 /* BibliographicDate.swift */,
			);
			name = "Model Protocols";
			sourceTree = "<group>";
		};
		5F44B8171CCA91D30047A4F0 /* Processor Implementations */ = {
			isa = PBXGroup;
			children = (
				5F34E2C61CC7EBFC00A5DAF1 /* ResolvingProcessor.swift */,
			);
			name = "Processor Implementations";
			sourceTree = "<group>";
		};
		5F44B82E1CCBA58C0047A4F0 /* Cocoa Extensions */ = {
			isa = PBXGroup;
			children = (
				5F7EE4B01CBAD9D200F4B7EA /* NSFileManager+Extensions.swift */,
				5F7EE4B91CBB2BE600F4B7EA /* Dictionary+Extensions.swift */,
				5FC2B2C41CBC9B02001F77FB /* NSNumber+Extensions.swift */,
				5FC2B2CD1CBCAA75001F77FB /* NSView+Extensions.swift */,
				5F44B7FF1CCA6D700047A4F0 /* String+Extensions.swift */,
				5F44B81E1CCAD09B0047A4F0 /* Int+Extensions.swift */,
				5F44B8201CCAD56E0047A4F0 /* NSURLRequest+Extensions.swift */,
			);
			name = "Cocoa Extensions";
			sourceTree = "<group>";
		};
		5F44B8361CCBCB370047A4F0 /* Model Implementations */ = {
			isa = PBXGroup;
			children = (
				5F34E2D11CC7FF8B00A5DAF1 /* SimpleBibliographyItem.swift */,
				5F44B83B1CCBCD480047A4F0 /* SimpleBibliographicName.swift */,
			);
			name = "Model Implementations";
			sourceTree = "<group>";
		};
		5F571C921CC41975003471D5 /* HTML Processor */ = {
			isa = PBXGroup;
			children = (
				5F44B8171CCA91D30047A4F0 /* Processor Implementations */,
				5F44B8111CCA912F0047A4F0 /* DocumentProcessor.swift */,
				5F571C901CC41942003471D5 /* DocumentProcessorError.swift */,
				5F44B8131CCA91370047A4F0 /* ElementProcessor.swift */,
				5F44B8151CCA913E0047A4F0 /* FragmentProcessor.swift */,
			);
			name = "HTML Processor";
			sourceTree = "<group>";
		};
		5F7EE4871CB845B800F4B7EA /* Evaluators */ = {
			isa = PBXGroup;
			children = (
				5F1996A31CB5AF6D00B1C5DB /* Evaluator.swift */,
				5F1996A51CB5AFEC00B1C5DB /* EvaluatorRegistry.swift */,
				5F7EE48D1CB8465200F4B7EA /* Evaluator Debug View Controller */,
				5F7EE48A1CB8462900F4B7EA /* JavaScript */,
				5F7EE48B1CB8463200F4B7EA /* R */,
			);
			name = Evaluators;
			sourceTree = "<group>";
		};
		5F7EE48A1CB8462900F4B7EA /* JavaScript */ = {
			isa = PBXGroup;
			children = (
				5F7EE48E1CB85C2B00F4B7EA /* JavaScriptEvaluatorWebKit.html */,
				5F1996A91CB5B1DC00B1C5DB /* JavaScriptEvaluators.swift */,
				5F1996CD1CB7084100B1C5DB /* JavaScriptEvaluatorWebKit.js */,
			);
			name = JavaScript;
			sourceTree = "<group>";
		};
		5F7EE48B1CB8463200F4B7EA /* R */ = {
			isa = PBXGroup;
			children = (
				5F1996AF1CB5B36100B1C5DB /* REvaluator.swift */,
			);
			name = R;
			sourceTree = "<group>";
		};
		5F7EE48D1CB8465200F4B7EA /* Evaluator Debug View Controller */ = {
			isa = PBXGroup;
			children = (
				5F1996C91CB7036100B1C5DB /* EvaluatorDebugViewController.swift */,
				5F1996CA1CB7036100B1C5DB /* EvaluatorDebugViewController.xib */,
				5FC2B2C61CBCA87E001F77FB /* EvaluatorDebugWindowController.swift */,
				5FC2B2C71CBCA87E001F77FB /* EvaluatorDebugWindowController.xib */,
			);
			name = "Evaluator Debug View Controller";
			sourceTree = "<group>";
		};
		5F7EE49C1CBA9B8D00F4B7EA /* JSExample */ = {
			isa = PBXGroup;
			children = (
				5F7EE4A31CBA9C0100F4B7EA /* Resources */,
				5F7EE49D1CBA9B8D00F4B7EA /* Info.plist */,
			);
			path = JSExample;
			sourceTree = "<group>";
		};
		5F7EE4A31CBA9C0100F4B7EA /* Resources */ = {
			isa = PBXGroup;
			children = (
				5FC2B2DF1CBD3D33001F77FB /* scripts */,
				5FC2B2E01CBD3D33001F77FB /* styles */,
				5FC2B2DD1CBD3C49001F77FB /* index.html */,
				5F7EE4A61CBAC4A100F4B7EA /* example-1.js */,
				5F7EE4A81CBAC4A800F4B7EA /* example-2.js */,
			);
			name = Resources;
			sourceTree = "<group>";
		};
/* End PBXGroup section */

/* Begin PBXHeadersBuildPhase section */
		5F1996881CB5AE8F00B1C5DB /* Headers */ = {
			isa = PBXHeadersBuildPhase;
			buildActionMask = 2147483647;
			files = (
				5F19968F1CB5AE8F00B1C5DB /* Extensions.h in Headers */,
			);
			runOnlyForDeploymentPostprocessing = 0;
		};
/* End PBXHeadersBuildPhase section */

/* Begin PBXNativeTarget section */
		5F19968A1CB5AE8F00B1C5DB /* Extensions */ = {
			isa = PBXNativeTarget;
			buildConfigurationList = 5F1996931CB5AE8F00B1C5DB /* Build configuration list for PBXNativeTarget "Extensions" */;
			buildPhases = (
				5F1996861CB5AE8F00B1C5DB /* Sources */,
				5F1996871CB5AE8F00B1C5DB /* Frameworks */,
				5F1996881CB5AE8F00B1C5DB /* Headers */,
				5F1996891CB5AE8F00B1C5DB /* Resources */,
				5F7EE4901CB85C4900F4B7EA /* Copy JS Resources */,
				5F7EE4A11CBA9B9900F4B7EA /* Copy Extensions */,
			);
			buildRules = (
			);
			dependencies = (
			);
			name = Extensions;
			productName = Extensions;
			productReference = 5F19968B1CB5AE8F00B1C5DB /* Extensions.framework */;
			productType = "com.apple.product-type.framework";
		};
		5F1996B41CB5B58400B1C5DB /* ExtensionsTests */ = {
			isa = PBXNativeTarget;
			buildConfigurationList = 5F1996BD1CB5B58400B1C5DB /* Build configuration list for PBXNativeTarget "ExtensionsTests" */;
			buildPhases = (
				5F1996B11CB5B58400B1C5DB /* Sources */,
				5F1996B21CB5B58400B1C5DB /* Frameworks */,
				5F1996B31CB5B58400B1C5DB /* Resources */,
				5F7EE4AD1CBAD42E00F4B7EA /* Copy Frameworks */,
			);
			buildRules = (
			);
			dependencies = (
				5F1996BC1CB5B58400B1C5DB /* PBXTargetDependency */,
			);
			name = ExtensionsTests;
			productName = ExtensionsTests;
			productReference = 5F1996B51CB5B58400B1C5DB /* ExtensionsTests.xctest */;
			productType = "com.apple.product-type.bundle.unit-test";
		};
		5F7EE49A1CBA9B8D00F4B7EA /* JSExample */ = {
			isa = PBXNativeTarget;
			buildConfigurationList = 5F7EE49E1CBA9B8D00F4B7EA /* Build configuration list for PBXNativeTarget "JSExample" */;
			buildPhases = (
				5F7EE4971CBA9B8D00F4B7EA /* Sources */,
				5F7EE4981CBA9B8D00F4B7EA /* Frameworks */,
				5F7EE4991CBA9B8D00F4B7EA /* Resources */,
			);
			buildRules = (
			);
			dependencies = (
			);
			name = JSExample;
			productName = JSExample;
			productReference = 5F7EE49B1CBA9B8D00F4B7EA /* JSExample.extension */;
			productType = "com.apple.product-type.bundle";
		};
/* End PBXNativeTarget section */

/* Begin PBXProject section */
		5F1996821CB5AE8F00B1C5DB /* Project object */ = {
			isa = PBXProject;
			attributes = {
				LastSwiftUpdateCheck = 0730;
				LastUpgradeCheck = 0730;
				ORGANIZATIONNAME = "Manuscripts.app Limited";
				TargetAttributes = {
					5F19968A1CB5AE8F00B1C5DB = {
						CreatedOnToolsVersion = 7.3;
					};
					5F1996B41CB5B58400B1C5DB = {
						CreatedOnToolsVersion = 7.3;
					};
					5F7EE49A1CBA9B8D00F4B7EA = {
						CreatedOnToolsVersion = 7.3;
					};
				};
			};
			buildConfigurationList = 5F1996851CB5AE8F00B1C5DB /* Build configuration list for PBXProject "Extensions" */;
			compatibilityVersion = "Xcode 3.2";
			developmentRegion = English;
			hasScannedForEncodings = 0;
			knownRegions = (
				en,
			);
			mainGroup = 5F1996811CB5AE8F00B1C5DB;
			productRefGroup = 5F19968C1CB5AE8F00B1C5DB /* Products */;
			projectDirPath = "";
			projectRoot = "";
			targets = (
				5F19968A1CB5AE8F00B1C5DB /* Extensions */,
				5F1996B41CB5B58400B1C5DB /* ExtensionsTests */,
				5F7EE49A1CBA9B8D00F4B7EA /* JSExample */,
			);
		};
/* End PBXProject section */

/* Begin PBXResourcesBuildPhase section */
		5F1996891CB5AE8F00B1C5DB /* Resources */ = {
			isa = PBXResourcesBuildPhase;
			buildActionMask = 2147483647;
			files = (
				5F1996CC1CB7036100B1C5DB /* EvaluatorDebugViewController.xib in Resources */,
				5F7EE47F1CB7E52700F4B7EA /* Freddy.framework.dSYM in Resources */,
				5FC2B2C91CBCA87E001F77FB /* EvaluatorDebugWindowController.xib in Resources */,
				5F571C7D1CC32774003471D5 /* MPTimer.framework.dSYM in Resources */,
			);
			runOnlyForDeploymentPostprocessing = 0;
		};
		5F1996B31CB5B58400B1C5DB /* Resources */ = {
			isa = PBXResourcesBuildPhase;
			buildActionMask = 2147483647;
			files = (
				5F44B82D1CCBA4BA0047A4F0 /* 1HIV.rcsb-xml in Resources */,
				5F44B8351CCBAABB0047A4F0 /* 1304383.pubmed-xml in Resources */,
				5F34E2C01CC7E84B00A5DAF1 /* biolit.html in Resources */,
				5F34E2C41CC7E88D00A5DAF1 /* RegexKitLite.framework.dSYM in Resources */,
			);
			runOnlyForDeploymentPostprocessing = 0;
		};
		5F7EE4991CBA9B8D00F4B7EA /* Resources */ = {
			isa = PBXResourcesBuildPhase;
			buildActionMask = 2147483647;
			files = (
				5FC2B2E21CBD3D33001F77FB /* styles in Resources */,
				5F7EE4AB1CBAD42200F4B7EA /* example-1.js in Resources */,
				5F7EE4AC1CBAD42200F4B7EA /* example-2.js in Resources */,
				5FC2B2DE1CBD3C49001F77FB /* index.html in Resources */,
				5FC2B2E11CBD3D33001F77FB /* scripts in Resources */,
			);
			runOnlyForDeploymentPostprocessing = 0;
		};
/* End PBXResourcesBuildPhase section */

/* Begin PBXSourcesBuildPhase section */
		5F1996861CB5AE8F00B1C5DB /* Sources */ = {
			isa = PBXSourcesBuildPhase;
			buildActionMask = 2147483647;
			files = (
				5F7EE4B11CBAD9D200F4B7EA /* NSFileManager+Extensions.swift in Sources */,
				5F7EE4811CB7F89D00F4B7EA /* ExtensionRegistry.swift in Sources */,
				5F34E2C71CC7EBFC00A5DAF1 /* ResolvingProcessor.swift in Sources */,
				5F2BBA091CC8045600EA1D66 /* ProteinDataBankResolver.swift in Sources */,
				5F1996B01CB5B36100B1C5DB /* REvaluator.swift in Sources */,
				5F34E2CA1CC7EFF000A5DAF1 /* PubMedResolver.swift in Sources */,
				5F1996A21CB5AF2100B1C5DB /* Extension.swift in Sources */,
				5F1996D21CB7DFDA00B1C5DB /* Extension+Serialization.swift in Sources */,
				5F1996CB1CB7036100B1C5DB /* EvaluatorDebugViewController.swift in Sources */,
				5F1996A41CB5AF6D00B1C5DB /* Evaluator.swift in Sources */,
				5F44B8071CCA7C940047A4F0 /* Mathematical.swift in Sources */,
				5F2BBA0D1CC81F2200EA1D66 /* Resolvable.swift in Sources */,
				5F34E2D21CC7FF8B00A5DAF1 /* SimpleBibliographyItem.swift in Sources */,
				5F1996AA1CB5B1DC00B1C5DB /* JavaScriptEvaluators.swift in Sources */,
				5F44B8251CCAED7F0047A4F0 /* DigitalObjectIdentifierResolver.swift in Sources */,
				5F44B8161CCA913E0047A4F0 /* FragmentProcessor.swift in Sources */,
				5F7EE4861CB8374F00F4B7EA /* Procedure.swift in Sources */,
				5F44B8211CCAD56E0047A4F0 /* NSURLRequest+Extensions.swift in Sources */,
				5F44B8381CCBCC850047A4F0 /* BibliographicName.swift in Sources */,
				5FC2B2CE1CBCAA75001F77FB /* NSView+Extensions.swift in Sources */,
				5FC2B2C51CBC9B02001F77FB /* NSNumber+Extensions.swift in Sources */,
				5F1996A61CB5AFEC00B1C5DB /* EvaluatorRegistry.swift in Sources */,
				5F44B8141CCA91370047A4F0 /* ElementProcessor.swift in Sources */,
				5F44B81F1CCAD09B0047A4F0 /* Int+Extensions.swift in Sources */,
				5F44B8091CCA7CB50047A4F0 /* Identifiable.swift in Sources */,
				5F34E2CF1CC7F0D900A5DAF1 /* BibliographyItem.swift in Sources */,
				5F44B80E1CCA7DC20047A4F0 /* ElementTypes.swift in Sources */,
				5FC2B2C81CBCA87E001F77FB /* EvaluatorDebugWindowController.swift in Sources */,
				5F44B8001CCA6D700047A4F0 /* String+Extensions.swift in Sources */,
				5F571C911CC41942003471D5 /* DocumentProcessorError.swift in Sources */,
				5F2BBA0B1CC81D6B00EA1D66 /* Resolver.swift in Sources */,
				5F44B83A1CCBCCA10047A4F0 /* BibliographicDate.swift in Sources */,
				5F44B8121CCA912F0047A4F0 /* DocumentProcessor.swift in Sources */,
				5F7EE4BA1CBB2BE600F4B7EA /* Dictionary+Extensions.swift in Sources */,
				5F44B83C1CCBCD480047A4F0 /* SimpleBibliographicName.swift in Sources */,
				5F44B8101CCA87700047A4F0 /* DictionaryRepresentable.swift in Sources */,
			);
			runOnlyForDeploymentPostprocessing = 0;
		};
		5F1996B11CB5B58400B1C5DB /* Sources */ = {
			isa = PBXSourcesBuildPhase;
			buildActionMask = 2147483647;
			files = (
				5F1996B81CB5B58400B1C5DB /* ExtensionsTests.swift in Sources */,
			);
			runOnlyForDeploymentPostprocessing = 0;
		};
		5F7EE4971CBA9B8D00F4B7EA /* Sources */ = {
			isa = PBXSourcesBuildPhase;
			buildActionMask = 2147483647;
			files = (
			);
			runOnlyForDeploymentPostprocessing = 0;
		};
/* End PBXSourcesBuildPhase section */

/* Begin PBXTargetDependency section */
		5F1996BC1CB5B58400B1C5DB /* PBXTargetDependency */ = {
			isa = PBXTargetDependency;
			target = 5F19968A1CB5AE8F00B1C5DB /* Extensions */;
			targetProxy = 5F1996BB1CB5B58400B1C5DB /* PBXContainerItemProxy */;
		};
/* End PBXTargetDependency section */

/* Begin XCBuildConfiguration section */
		5F1996911CB5AE8F00B1C5DB /* Debug */ = {
			isa = XCBuildConfiguration;
			buildSettings = {
				ALWAYS_SEARCH_USER_PATHS = NO;
				CLANG_ANALYZER_NONNULL = YES;
				CLANG_CXX_LANGUAGE_STANDARD = "gnu++0x";
				CLANG_CXX_LIBRARY = "libc++";
				CLANG_ENABLE_MODULES = YES;
				CLANG_ENABLE_OBJC_ARC = YES;
				CLANG_WARN_BOOL_CONVERSION = YES;
				CLANG_WARN_CONSTANT_CONVERSION = YES;
				CLANG_WARN_DIRECT_OBJC_ISA_USAGE = YES_ERROR;
				CLANG_WARN_EMPTY_BODY = YES;
				CLANG_WARN_ENUM_CONVERSION = YES;
				CLANG_WARN_INT_CONVERSION = YES;
				CLANG_WARN_OBJC_ROOT_CLASS = YES_ERROR;
				CLANG_WARN_UNREACHABLE_CODE = YES;
				CLANG_WARN__DUPLICATE_METHOD_MATCH = YES;
				CODE_SIGN_IDENTITY = "-";
				COPY_PHASE_STRIP = NO;
				CURRENT_PROJECT_VERSION = 1;
				DEBUG_INFORMATION_FORMAT = dwarf;
				ENABLE_STRICT_OBJC_MSGSEND = YES;
				ENABLE_TESTABILITY = YES;
				GCC_C_LANGUAGE_STANDARD = gnu99;
				GCC_DYNAMIC_NO_PIC = NO;
				GCC_NO_COMMON_BLOCKS = YES;
				GCC_OPTIMIZATION_LEVEL = 0;
				GCC_PREPROCESSOR_DEFINITIONS = (
					"DEBUG=1",
					"$(inherited)",
				);
				GCC_WARN_64_TO_32_BIT_CONVERSION = YES;
				GCC_WARN_ABOUT_RETURN_TYPE = YES_ERROR;
				GCC_WARN_UNDECLARED_SELECTOR = YES;
				GCC_WARN_UNINITIALIZED_AUTOS = YES_AGGRESSIVE;
				GCC_WARN_UNUSED_FUNCTION = YES;
				GCC_WARN_UNUSED_VARIABLE = YES;
				MACOSX_DEPLOYMENT_TARGET = 10.11;
				MTL_ENABLE_DEBUG_INFO = YES;
				ONLY_ACTIVE_ARCH = YES;
				SDKROOT = macosx;
				SWIFT_OPTIMIZATION_LEVEL = "-Onone";
				VERSIONING_SYSTEM = "apple-generic";
				VERSION_INFO_PREFIX = "";
			};
			name = Debug;
		};
		5F1996921CB5AE8F00B1C5DB /* Release */ = {
			isa = XCBuildConfiguration;
			buildSettings = {
				ALWAYS_SEARCH_USER_PATHS = NO;
				CLANG_ANALYZER_NONNULL = YES;
				CLANG_CXX_LANGUAGE_STANDARD = "gnu++0x";
				CLANG_CXX_LIBRARY = "libc++";
				CLANG_ENABLE_MODULES = YES;
				CLANG_ENABLE_OBJC_ARC = YES;
				CLANG_WARN_BOOL_CONVERSION = YES;
				CLANG_WARN_CONSTANT_CONVERSION = YES;
				CLANG_WARN_DIRECT_OBJC_ISA_USAGE = YES_ERROR;
				CLANG_WARN_EMPTY_BODY = YES;
				CLANG_WARN_ENUM_CONVERSION = YES;
				CLANG_WARN_INT_CONVERSION = YES;
				CLANG_WARN_OBJC_ROOT_CLASS = YES_ERROR;
				CLANG_WARN_UNREACHABLE_CODE = YES;
				CLANG_WARN__DUPLICATE_METHOD_MATCH = YES;
				CODE_SIGN_IDENTITY = "-";
				COPY_PHASE_STRIP = NO;
				CURRENT_PROJECT_VERSION = 1;
				DEBUG_INFORMATION_FORMAT = "dwarf-with-dsym";
				ENABLE_NS_ASSERTIONS = NO;
				ENABLE_STRICT_OBJC_MSGSEND = YES;
				GCC_C_LANGUAGE_STANDARD = gnu99;
				GCC_NO_COMMON_BLOCKS = YES;
				GCC_WARN_64_TO_32_BIT_CONVERSION = YES;
				GCC_WARN_ABOUT_RETURN_TYPE = YES_ERROR;
				GCC_WARN_UNDECLARED_SELECTOR = YES;
				GCC_WARN_UNINITIALIZED_AUTOS = YES_AGGRESSIVE;
				GCC_WARN_UNUSED_FUNCTION = YES;
				GCC_WARN_UNUSED_VARIABLE = YES;
				MACOSX_DEPLOYMENT_TARGET = 10.11;
				MTL_ENABLE_DEBUG_INFO = NO;
				SDKROOT = macosx;
				VERSIONING_SYSTEM = "apple-generic";
				VERSION_INFO_PREFIX = "";
			};
			name = Release;
		};
		5F1996941CB5AE8F00B1C5DB /* Debug */ = {
			isa = XCBuildConfiguration;
			buildSettings = {
				CLANG_ENABLE_MODULES = YES;
				COMBINE_HIDPI_IMAGES = YES;
				DEFINES_MODULE = YES;
				DYLIB_COMPATIBILITY_VERSION = 1;
				DYLIB_CURRENT_VERSION = 1;
				DYLIB_INSTALL_NAME_BASE = "@rpath";
				FRAMEWORK_SEARCH_PATHS = (
					$SRCROOT/Carthage/Build/Mac,
					"$(PROJECT_DIR)/Carthage/Build/Mac",
				);
				FRAMEWORK_VERSION = A;
				INFOPLIST_FILE = Extensions/Info.plist;
				INSTALL_PATH = "$(LOCAL_LIBRARY_DIR)/Frameworks";
				LD_RUNPATH_SEARCH_PATHS = "$(inherited) @executable_path/../Frameworks @loader_path/Frameworks";
				PRODUCT_BUNDLE_IDENTIFIER = com.manuscriptsapp.Extensions;
				PRODUCT_NAME = "$(TARGET_NAME)";
				SKIP_INSTALL = YES;
				SWIFT_OPTIMIZATION_LEVEL = "-Onone";
			};
			name = Debug;
		};
		5F1996951CB5AE8F00B1C5DB /* Release */ = {
			isa = XCBuildConfiguration;
			buildSettings = {
				CLANG_ENABLE_MODULES = YES;
				COMBINE_HIDPI_IMAGES = YES;
				DEFINES_MODULE = YES;
				DYLIB_COMPATIBILITY_VERSION = 1;
				DYLIB_CURRENT_VERSION = 1;
				DYLIB_INSTALL_NAME_BASE = "@rpath";
				FRAMEWORK_SEARCH_PATHS = (
					$SRCROOT/Carthage/Build/Mac,
					"$(PROJECT_DIR)/Carthage/Build/Mac",
				);
				FRAMEWORK_VERSION = A;
				INFOPLIST_FILE = Extensions/Info.plist;
				INSTALL_PATH = "$(LOCAL_LIBRARY_DIR)/Frameworks";
				LD_RUNPATH_SEARCH_PATHS = "$(inherited) @executable_path/../Frameworks @loader_path/Frameworks";
				PRODUCT_BUNDLE_IDENTIFIER = com.manuscriptsapp.Extensions;
				PRODUCT_NAME = "$(TARGET_NAME)";
				SKIP_INSTALL = YES;
			};
			name = Release;
		};
		5F1996BE1CB5B58400B1C5DB /* Debug */ = {
			isa = XCBuildConfiguration;
			buildSettings = {
				COMBINE_HIDPI_IMAGES = YES;
				FRAMEWORK_SEARCH_PATHS = (
					"$(inherited)",
					"$(PROJECT_DIR)/Carthage/Build/Mac",
				);
				INFOPLIST_FILE = ExtensionsTests/Info.plist;
				LD_RUNPATH_SEARCH_PATHS = "$(inherited) @executable_path/../Frameworks @loader_path/../Frameworks";
				PRODUCT_BUNDLE_IDENTIFIER = com.manuscriptsapp.ExtensionsTests;
				PRODUCT_NAME = "$(TARGET_NAME)";
			};
			name = Debug;
		};
		5F1996BF1CB5B58400B1C5DB /* Release */ = {
			isa = XCBuildConfiguration;
			buildSettings = {
				COMBINE_HIDPI_IMAGES = YES;
				FRAMEWORK_SEARCH_PATHS = (
					"$(inherited)",
					"$(PROJECT_DIR)/Carthage/Build/Mac",
				);
				INFOPLIST_FILE = ExtensionsTests/Info.plist;
				LD_RUNPATH_SEARCH_PATHS = "$(inherited) @executable_path/../Frameworks @loader_path/../Frameworks";
				PRODUCT_BUNDLE_IDENTIFIER = com.manuscriptsapp.ExtensionsTests;
				PRODUCT_NAME = "$(TARGET_NAME)";
			};
			name = Release;
		};
		5F7EE49F1CBA9B8D00F4B7EA /* Debug */ = {
			isa = XCBuildConfiguration;
			buildSettings = {
				COMBINE_HIDPI_IMAGES = YES;
				INFOPLIST_FILE = JSExample/Info.plist;
				INSTALL_PATH = "$(LOCAL_LIBRARY_DIR)/Bundles";
				PRODUCT_BUNDLE_IDENTIFIER = com.manuscriptsapp.JSExample;
				PRODUCT_NAME = "$(TARGET_NAME)";
				SKIP_INSTALL = YES;
				WRAPPER_EXTENSION = extension;
			};
			name = Debug;
		};
		5F7EE4A01CBA9B8D00F4B7EA /* Release */ = {
			isa = XCBuildConfiguration;
			buildSettings = {
				COMBINE_HIDPI_IMAGES = YES;
				INFOPLIST_FILE = JSExample/Info.plist;
				INSTALL_PATH = "$(LOCAL_LIBRARY_DIR)/Bundles";
				PRODUCT_BUNDLE_IDENTIFIER = com.manuscriptsapp.JSExample;
				PRODUCT_NAME = "$(TARGET_NAME)";
				SKIP_INSTALL = YES;
				WRAPPER_EXTENSION = extension;
			};
			name = Release;
		};
/* End XCBuildConfiguration section */

/* Begin XCConfigurationList section */
		5F1996851CB5AE8F00B1C5DB /* Build configuration list for PBXProject "Extensions" */ = {
			isa = XCConfigurationList;
			buildConfigurations = (
				5F1996911CB5AE8F00B1C5DB /* Debug */,
				5F1996921CB5AE8F00B1C5DB /* Release */,
			);
			defaultConfigurationIsVisible = 0;
			defaultConfigurationName = Release;
		};
		5F1996931CB5AE8F00B1C5DB /* Build configuration list for PBXNativeTarget "Extensions" */ = {
			isa = XCConfigurationList;
			buildConfigurations = (
				5F1996941CB5AE8F00B1C5DB /* Debug */,
				5F1996951CB5AE8F00B1C5DB /* Release */,
			);
			defaultConfigurationIsVisible = 0;
			defaultConfigurationName = Release;
		};
		5F1996BD1CB5B58400B1C5DB /* Build configuration list for PBXNativeTarget "ExtensionsTests" */ = {
			isa = XCConfigurationList;
			buildConfigurations = (
				5F1996BE1CB5B58400B1C5DB /* Debug */,
				5F1996BF1CB5B58400B1C5DB /* Release */,
			);
			defaultConfigurationIsVisible = 0;
			defaultConfigurationName = Release;
		};
		5F7EE49E1CBA9B8D00F4B7EA /* Build configuration list for PBXNativeTarget "JSExample" */ = {
			isa = XCConfigurationList;
			buildConfigurations = (
				5F7EE49F1CBA9B8D00F4B7EA /* Debug */,
				5F7EE4A01CBA9B8D00F4B7EA /* Release */,
			);
			defaultConfigurationIsVisible = 0;
			defaultConfigurationName = Release;
		};
/* End XCConfigurationList section */
	};
	rootObject = 5F1996821CB5AE8F00B1C5DB /* Project object */;
}
