// !$*UTF8*$!
{
	archiveVersion = 1;
	classes = {
	};
	objectVersion = 52;
	objects = {

/* Begin PBXBuildFile section */
		5301943B2304154300F479AF /* DocumentProcessor.swift in Sources */ = {isa = PBXBuildFile; fileRef = 530194232304154000F479AF /* DocumentProcessor.swift */; };
		5301943C2304154300F479AF /* HTMLSnippetRepresentable.swift in Sources */ = {isa = PBXBuildFile; fileRef = 530194242304154000F479AF /* HTMLSnippetRepresentable.swift */; };
		5301943D2304154300F479AF /* Dictionary+Extensions.swift in Sources */ = {isa = PBXBuildFile; fileRef = 530194252304154000F479AF /* Dictionary+Extensions.swift */; };
		5301943E2304154300F479AF /* SequenceType+Extensions.swift in Sources */ = {isa = PBXBuildFile; fileRef = 530194262304154000F479AF /* SequenceType+Extensions.swift */; };
		5301943F2304154300F479AF /* Elements.swift in Sources */ = {isa = PBXBuildFile; fileRef = 530194272304154000F479AF /* Elements.swift */; };
		530194402304154300F479AF /* Mathematical.swift in Sources */ = {isa = PBXBuildFile; fileRef = 530194282304154000F479AF /* Mathematical.swift */; };
		530194412304154300F479AF /* NSView+Extensions.swift in Sources */ = {isa = PBXBuildFile; fileRef = 530194292304154000F479AF /* NSView+Extensions.swift */; };
		530194422304154300F479AF /* NSNumber+Extensions.swift in Sources */ = {isa = PBXBuildFile; fileRef = 5301942A2304154100F479AF /* NSNumber+Extensions.swift */; };
		530194432304154300F479AF /* Int+Extensions.swift in Sources */ = {isa = PBXBuildFile; fileRef = 5301942B2304154100F479AF /* Int+Extensions.swift */; };
		530194442304154300F479AF /* BibliographicName.swift in Sources */ = {isa = PBXBuildFile; fileRef = 5301942C2304154100F479AF /* BibliographicName.swift */; };
		530194452304154300F479AF /* ElementRepresentable.swift in Sources */ = {isa = PBXBuildFile; fileRef = 5301942D2304154100F479AF /* ElementRepresentable.swift */; };
		530194462304154300F479AF /* BibliographyItem.swift in Sources */ = {isa = PBXBuildFile; fileRef = 5301942F2304154100F479AF /* BibliographyItem.swift */; };
		530194472304154300F479AF /* DictionaryRepresentable.swift in Sources */ = {isa = PBXBuildFile; fileRef = 530194302304154100F479AF /* DictionaryRepresentable.swift */; };
		530194482304154300F479AF /* Range+Extensions.swift in Sources */ = {isa = PBXBuildFile; fileRef = 530194312304154100F479AF /* Range+Extensions.swift */; };
		530194492304154300F479AF /* ElementProcessor.swift in Sources */ = {isa = PBXBuildFile; fileRef = 530194322304154100F479AF /* ElementProcessor.swift */; };
		5301944A2304154300F479AF /* NSXMLNode+Extensions.swift in Sources */ = {isa = PBXBuildFile; fileRef = 530194332304154200F479AF /* NSXMLNode+Extensions.swift */; };
		5301944B2304154300F479AF /* BibliographicDate.swift in Sources */ = {isa = PBXBuildFile; fileRef = 530194342304154200F479AF /* BibliographicDate.swift */; };
		5301944C2304154300F479AF /* NSFileManager+Extensions.swift in Sources */ = {isa = PBXBuildFile; fileRef = 530194352304154200F479AF /* NSFileManager+Extensions.swift */; };
		5301944D2304154300F479AF /* FragmentProcessor.swift in Sources */ = {isa = PBXBuildFile; fileRef = 530194362304154200F479AF /* FragmentProcessor.swift */; };
		5301944E2304154300F479AF /* NSString+Extensions.swift in Sources */ = {isa = PBXBuildFile; fileRef = 530194372304154200F479AF /* NSString+Extensions.swift */; };
		5301944F2304154300F479AF /* NSURLConnection+Extensions.swift in Sources */ = {isa = PBXBuildFile; fileRef = 530194382304154200F479AF /* NSURLConnection+Extensions.swift */; };
		530194502304154300F479AF /* String+Extensions.swift in Sources */ = {isa = PBXBuildFile; fileRef = 530194392304154200F479AF /* String+Extensions.swift */; };
		530194512304154300F479AF /* DocumentProcessorError.swift in Sources */ = {isa = PBXBuildFile; fileRef = 5301943A2304154200F479AF /* DocumentProcessorError.swift */; };
		536C47A222FDB129004281C6 /* MPRateLimiter in Frameworks */ = {isa = PBXBuildFile; productRef = 536C47A122FDB129004281C6 /* MPRateLimiter */; };
		536C47A522FDB13C004281C6 /* MPTimer in Frameworks */ = {isa = PBXBuildFile; productRef = 536C47A422FDB13C004281C6 /* MPTimer */; };
		5F19968F1CB5AE8F00B1C5DB /* Extensions.h in Headers */ = {isa = PBXBuildFile; fileRef = 5F19968E1CB5AE8F00B1C5DB /* Extensions.h */; settings = {ATTRIBUTES = (Public, ); }; };
		5F1996AC1CB5B31D00B1C5DB /* WebKit.framework in Frameworks */ = {isa = PBXBuildFile; fileRef = 5F1996AB1CB5B31D00B1C5DB /* WebKit.framework */; };
		5F1996AE1CB5B32100B1C5DB /* JavaScriptCore.framework in Frameworks */ = {isa = PBXBuildFile; fileRef = 5F1996AD1CB5B32100B1C5DB /* JavaScriptCore.framework */; };
		5F1996B81CB5B58400B1C5DB /* ExtensionsTests.swift in Sources */ = {isa = PBXBuildFile; fileRef = 5F1996B71CB5B58400B1C5DB /* ExtensionsTests.swift */; };
		5F1996BA1CB5B58400B1C5DB /* Extensions.framework in Frameworks */ = {isa = PBXBuildFile; fileRef = 5F19968B1CB5AE8F00B1C5DB /* Extensions.framework */; };
		5F34E2C01CC7E84B00A5DAF1 /* biolit.html in Resources */ = {isa = PBXBuildFile; fileRef = 5F34E2BF1CC7E84B00A5DAF1 /* biolit.html */; };
		5F44B8231CCAE7260047A4F0 /* WebKit.framework in Frameworks */ = {isa = PBXBuildFile; fileRef = 5F1996AB1CB5B31D00B1C5DB /* WebKit.framework */; };
		5F44B82D1CCBA4BA0047A4F0 /* 1HIV.rcsb-xml in Resources */ = {isa = PBXBuildFile; fileRef = 5F44B82C1CCBA4BA0047A4F0 /* 1HIV.rcsb-xml */; };
		5F44B8351CCBAABB0047A4F0 /* 1304383.pubmed-xml in Resources */ = {isa = PBXBuildFile; fileRef = 5F44B8341CCBAABB0047A4F0 /* 1304383.pubmed-xml */; };
		5F44B8441CCBF9060047A4F0 /* 10.1038-nrd842.citeproc-json in Resources */ = {isa = PBXBuildFile; fileRef = 5F44B8431CCBF9060047A4F0 /* 10.1038-nrd842.citeproc-json */; };
		5F4D73421D1E982E00A12225 /* 10.1002-0470841559.ch1.citeproc-json in Resources */ = {isa = PBXBuildFile; fileRef = 5F4D73411D1E982E00A12225 /* 10.1002-0470841559.ch1.citeproc-json */; };
		5F4D73441D1E9DEE00A12225 /* 10.13039-100000054.citeproc-json in Resources */ = {isa = PBXBuildFile; fileRef = 5F4D73431D1E9DEE00A12225 /* 10.13039-100000054.citeproc-json */; };
		5F7EE4AB1CBAD42200F4B7EA /* example-1.js in Resources */ = {isa = PBXBuildFile; fileRef = 5F7EE4A61CBAC4A100F4B7EA /* example-1.js */; };
		5F7EE4AC1CBAD42200F4B7EA /* example-2.js in Resources */ = {isa = PBXBuildFile; fileRef = 5F7EE4A81CBAC4A800F4B7EA /* example-2.js */; };
		5F7EE4AF1CBAD44100F4B7EA /* Extensions.framework in Copy Frameworks */ = {isa = PBXBuildFile; fileRef = 5F19968B1CB5AE8F00B1C5DB /* Extensions.framework */; settings = {ATTRIBUTES = (CodeSignOnCopy, RemoveHeadersOnCopy, ); }; };
		5FC2B2DE1CBD3C49001F77FB /* index.html in Resources */ = {isa = PBXBuildFile; fileRef = 5FC2B2DD1CBD3C49001F77FB /* index.html */; };
		5FC2B2E11CBD3D33001F77FB /* scripts in Resources */ = {isa = PBXBuildFile; fileRef = 5FC2B2DF1CBD3D33001F77FB /* scripts */; };
		5FC2B2E21CBD3D33001F77FB /* styles in Resources */ = {isa = PBXBuildFile; fileRef = 5FC2B2E01CBD3D33001F77FB /* styles */; };
		5FEB0D3C1CF329AC00D304B1 /* Cocoa.framework in Frameworks */ = {isa = PBXBuildFile; fileRef = 5FEB0D3B1CF329AC00D304B1 /* Cocoa.framework */; };
		5FEB0D3E1CF32C7900D304B1 /* PMID-reference-example.html in Resources */ = {isa = PBXBuildFile; fileRef = 5FEB0D3D1CF32C7900D304B1 /* PMID-reference-example.html */; };
/* End PBXBuildFile section */

/* Begin PBXContainerItemProxy section */
		5F1996BB1CB5B58400B1C5DB /* PBXContainerItemProxy */ = {
			isa = PBXContainerItemProxy;
			containerPortal = 5F1996821CB5AE8F00B1C5DB /* Project object */;
			proxyType = 1;
			remoteGlobalIDString = 5F19968A1CB5AE8F00B1C5DB;
			remoteInfo = Extensions;
		};
/* End PBXContainerItemProxy section */

/* Begin PBXCopyFilesBuildPhase section */
		5F7EE4901CB85C4900F4B7EA /* Copy JS Resources */ = {
			isa = PBXCopyFilesBuildPhase;
			buildActionMask = 2147483647;
			dstPath = JavaScriptEvaluatorWebKit;
			dstSubfolderSpec = 7;
			files = (
			);
			name = "Copy JS Resources";
			runOnlyForDeploymentPostprocessing = 0;
		};
		5F7EE4A11CBA9B9900F4B7EA /* Copy Extensions */ = {
			isa = PBXCopyFilesBuildPhase;
			buildActionMask = 2147483647;
			dstPath = "";
			dstSubfolderSpec = 7;
			files = (
			);
			name = "Copy Extensions";
			runOnlyForDeploymentPostprocessing = 0;
		};
		5F7EE4AD1CBAD42E00F4B7EA /* Copy Frameworks */ = {
			isa = PBXCopyFilesBuildPhase;
			buildActionMask = 2147483647;
			dstPath = "";
			dstSubfolderSpec = 10;
			files = (
				5F7EE4AF1CBAD44100F4B7EA /* Extensions.framework in Copy Frameworks */,
			);
			name = "Copy Frameworks";
			runOnlyForDeploymentPostprocessing = 0;
		};
/* End PBXCopyFilesBuildPhase section */

/* Begin PBXFileReference section */
		530194232304154000F479AF /* DocumentProcessor.swift */ = {isa = PBXFileReference; fileEncoding = 4; lastKnownFileType = sourcecode.swift; name = DocumentProcessor.swift; path = Sources/DocumentProcessor.swift; sourceTree = SOURCE_ROOT; };
		530194242304154000F479AF /* HTMLSnippetRepresentable.swift */ = {isa = PBXFileReference; fileEncoding = 4; lastKnownFileType = sourcecode.swift; name = HTMLSnippetRepresentable.swift; path = Sources/HTMLSnippetRepresentable.swift; sourceTree = SOURCE_ROOT; };
		530194252304154000F479AF /* Dictionary+Extensions.swift */ = {isa = PBXFileReference; fileEncoding = 4; lastKnownFileType = sourcecode.swift; name = "Dictionary+Extensions.swift"; path = "Sources/Dictionary+Extensions.swift"; sourceTree = SOURCE_ROOT; };
		530194262304154000F479AF /* SequenceType+Extensions.swift */ = {isa = PBXFileReference; fileEncoding = 4; lastKnownFileType = sourcecode.swift; name = "SequenceType+Extensions.swift"; path = "Sources/SequenceType+Extensions.swift"; sourceTree = SOURCE_ROOT; };
		530194272304154000F479AF /* Elements.swift */ = {isa = PBXFileReference; fileEncoding = 4; lastKnownFileType = sourcecode.swift; name = Elements.swift; path = Sources/Elements.swift; sourceTree = SOURCE_ROOT; };
		530194282304154000F479AF /* Mathematical.swift */ = {isa = PBXFileReference; fileEncoding = 4; lastKnownFileType = sourcecode.swift; name = Mathematical.swift; path = Sources/Mathematical.swift; sourceTree = SOURCE_ROOT; };
		530194292304154000F479AF /* NSView+Extensions.swift */ = {isa = PBXFileReference; fileEncoding = 4; lastKnownFileType = sourcecode.swift; name = "NSView+Extensions.swift"; path = "Sources/NSView+Extensions.swift"; sourceTree = SOURCE_ROOT; };
		5301942A2304154100F479AF /* NSNumber+Extensions.swift */ = {isa = PBXFileReference; fileEncoding = 4; lastKnownFileType = sourcecode.swift; name = "NSNumber+Extensions.swift"; path = "Sources/NSNumber+Extensions.swift"; sourceTree = SOURCE_ROOT; };
		5301942B2304154100F479AF /* Int+Extensions.swift */ = {isa = PBXFileReference; fileEncoding = 4; lastKnownFileType = sourcecode.swift; name = "Int+Extensions.swift"; path = "Sources/Int+Extensions.swift"; sourceTree = SOURCE_ROOT; };
		5301942C2304154100F479AF /* BibliographicName.swift */ = {isa = PBXFileReference; fileEncoding = 4; lastKnownFileType = sourcecode.swift; name = BibliographicName.swift; path = Sources/BibliographicName.swift; sourceTree = SOURCE_ROOT; };
		5301942D2304154100F479AF /* ElementRepresentable.swift */ = {isa = PBXFileReference; fileEncoding = 4; lastKnownFileType = sourcecode.swift; name = ElementRepresentable.swift; path = Sources/ElementRepresentable.swift; sourceTree = SOURCE_ROOT; };
		5301942F2304154100F479AF /* BibliographyItem.swift */ = {isa = PBXFileReference; fileEncoding = 4; lastKnownFileType = sourcecode.swift; name = BibliographyItem.swift; path = "../Sources/Model Protocols/BibliographyItem.swift"; sourceTree = "<group>"; };
		530194302304154100F479AF /* DictionaryRepresentable.swift */ = {isa = PBXFileReference; fileEncoding = 4; lastKnownFileType = sourcecode.swift; name = DictionaryRepresentable.swift; path = Sources/DictionaryRepresentable.swift; sourceTree = SOURCE_ROOT; };
		530194312304154100F479AF /* Range+Extensions.swift */ = {isa = PBXFileReference; fileEncoding = 4; lastKnownFileType = sourcecode.swift; name = "Range+Extensions.swift"; path = "Sources/Range+Extensions.swift"; sourceTree = SOURCE_ROOT; };
		530194322304154100F479AF /* ElementProcessor.swift */ = {isa = PBXFileReference; fileEncoding = 4; lastKnownFileType = sourcecode.swift; name = ElementProcessor.swift; path = Sources/ElementProcessor.swift; sourceTree = SOURCE_ROOT; };
		530194332304154200F479AF /* NSXMLNode+Extensions.swift */ = {isa = PBXFileReference; fileEncoding = 4; lastKnownFileType = sourcecode.swift; name = "NSXMLNode+Extensions.swift"; path = "Sources/NSXMLNode+Extensions.swift"; sourceTree = SOURCE_ROOT; };
		530194342304154200F479AF /* BibliographicDate.swift */ = {isa = PBXFileReference; fileEncoding = 4; lastKnownFileType = sourcecode.swift; name = BibliographicDate.swift; path = Sources/BibliographicDate.swift; sourceTree = SOURCE_ROOT; };
		530194352304154200F479AF /* NSFileManager+Extensions.swift */ = {isa = PBXFileReference; fileEncoding = 4; lastKnownFileType = sourcecode.swift; name = "NSFileManager+Extensions.swift"; path = "Sources/NSFileManager+Extensions.swift"; sourceTree = SOURCE_ROOT; };
		530194362304154200F479AF /* FragmentProcessor.swift */ = {isa = PBXFileReference; fileEncoding = 4; lastKnownFileType = sourcecode.swift; name = FragmentProcessor.swift; path = Sources/FragmentProcessor.swift; sourceTree = SOURCE_ROOT; };
		530194372304154200F479AF /* NSString+Extensions.swift */ = {isa = PBXFileReference; fileEncoding = 4; lastKnownFileType = sourcecode.swift; name = "NSString+Extensions.swift"; path = "Sources/NSString+Extensions.swift"; sourceTree = SOURCE_ROOT; };
		530194382304154200F479AF /* NSURLConnection+Extensions.swift */ = {isa = PBXFileReference; fileEncoding = 4; lastKnownFileType = sourcecode.swift; name = "NSURLConnection+Extensions.swift"; path = "Sources/NSURLConnection+Extensions.swift"; sourceTree = SOURCE_ROOT; };
		530194392304154200F479AF /* String+Extensions.swift */ = {isa = PBXFileReference; fileEncoding = 4; lastKnownFileType = sourcecode.swift; name = "String+Extensions.swift"; path = "Sources/String+Extensions.swift"; sourceTree = SOURCE_ROOT; };
		5301943A2304154200F479AF /* DocumentProcessorError.swift */ = {isa = PBXFileReference; fileEncoding = 4; lastKnownFileType = sourcecode.swift; name = DocumentProcessorError.swift; path = Sources/DocumentProcessorError.swift; sourceTree = SOURCE_ROOT; };
		5347ADC322FDD9F6008D148D /* Package.swift */ = {isa = PBXFileReference; lastKnownFileType = sourcecode.swift; path = Package.swift; sourceTree = "<group>"; };
		5F19968B1CB5AE8F00B1C5DB /* Extensions.framework */ = {isa = PBXFileReference; explicitFileType = wrapper.framework; includeInIndex = 0; path = Extensions.framework; sourceTree = BUILT_PRODUCTS_DIR; };
		5F19968E1CB5AE8F00B1C5DB /* Extensions.h */ = {isa = PBXFileReference; lastKnownFileType = sourcecode.c.h; path = Extensions.h; sourceTree = "<group>"; };
		5F1996901CB5AE8F00B1C5DB /* Info.plist */ = {isa = PBXFileReference; lastKnownFileType = text.plist.xml; path = Info.plist; sourceTree = "<group>"; };
		5F1996AB1CB5B31D00B1C5DB /* WebKit.framework */ = {isa = PBXFileReference; lastKnownFileType = wrapper.framework; name = WebKit.framework; path = System/Library/Frameworks/WebKit.framework; sourceTree = SDKROOT; };
		5F1996AD1CB5B32100B1C5DB /* JavaScriptCore.framework */ = {isa = PBXFileReference; lastKnownFileType = wrapper.framework; name = JavaScriptCore.framework; path = System/Library/Frameworks/JavaScriptCore.framework; sourceTree = SDKROOT; };
		5F1996B51CB5B58400B1C5DB /* ExtensionsTests.xctest */ = {isa = PBXFileReference; explicitFileType = wrapper.cfbundle; includeInIndex = 0; path = ExtensionsTests.xctest; sourceTree = BUILT_PRODUCTS_DIR; };
		5F1996B71CB5B58400B1C5DB /* ExtensionsTests.swift */ = {isa = PBXFileReference; lastKnownFileType = sourcecode.swift; path = ExtensionsTests.swift; sourceTree = "<group>"; };
		5F1996B91CB5B58400B1C5DB /* Info.plist */ = {isa = PBXFileReference; lastKnownFileType = text.plist.xml; path = Info.plist; sourceTree = "<group>"; };
		5F34E2BF1CC7E84B00A5DAF1 /* biolit.html */ = {isa = PBXFileReference; fileEncoding = 4; lastKnownFileType = text.html; path = biolit.html; sourceTree = "<group>"; };
		5F34E2C11CC7E88D00A5DAF1 /* RegexKitLite.framework */ = {isa = PBXFileReference; lastKnownFileType = wrapper.framework; name = RegexKitLite.framework; path = Carthage/Build/Mac/RegexKitLite.framework; sourceTree = "<group>"; };
		5F34E2C21CC7E88D00A5DAF1 /* RegexKitLite.framework.dSYM */ = {isa = PBXFileReference; lastKnownFileType = wrapper.dsym; name = RegexKitLite.framework.dSYM; path = Carthage/Build/Mac/RegexKitLite.framework.dSYM; sourceTree = "<group>"; };
		5F44B8181CCACCE20047A4F0 /* SWXMLHash.framework */ = {isa = PBXFileReference; lastKnownFileType = wrapper.framework; name = SWXMLHash.framework; path = ../../Build/Mac/SWXMLHash.framework; sourceTree = "<group>"; };
		5F44B8191CCACCE20047A4F0 /* SWXMLHash.framework.dSYM */ = {isa = PBXFileReference; lastKnownFileType = wrapper.dsym; name = SWXMLHash.framework.dSYM; path = ../../Build/Mac/SWXMLHash.framework.dSYM; sourceTree = "<group>"; };
		5F44B82C1CCBA4BA0047A4F0 /* 1HIV.rcsb-xml */ = {isa = PBXFileReference; fileEncoding = 4; lastKnownFileType = text; path = "1HIV.rcsb-xml"; sourceTree = "<group>"; };
		5F44B82F1CCBA79A0047A4F0 /* OHHTTPStubs.framework */ = {isa = PBXFileReference; lastKnownFileType = wrapper.framework; name = OHHTTPStubs.framework; path = ../../Build/Mac/OHHTTPStubs.framework; sourceTree = "<group>"; };
		5F44B8301CCBA79A0047A4F0 /* OHHTTPStubs.framework.dSYM */ = {isa = PBXFileReference; lastKnownFileType = wrapper.dsym; name = OHHTTPStubs.framework.dSYM; path = ../../Build/Mac/OHHTTPStubs.framework.dSYM; sourceTree = "<group>"; };
		5F44B8341CCBAABB0047A4F0 /* 1304383.pubmed-xml */ = {isa = PBXFileReference; fileEncoding = 4; lastKnownFileType = text; path = "1304383.pubmed-xml"; sourceTree = "<group>"; };
		5F44B8431CCBF9060047A4F0 /* 10.1038-nrd842.citeproc-json */ = {isa = PBXFileReference; fileEncoding = 4; lastKnownFileType = text; path = "10.1038-nrd842.citeproc-json"; sourceTree = "<group>"; };
		5F4D73411D1E982E00A12225 /* 10.1002-0470841559.ch1.citeproc-json */ = {isa = PBXFileReference; fileEncoding = 4; lastKnownFileType = text; path = "10.1002-0470841559.ch1.citeproc-json"; sourceTree = "<group>"; };
		5F4D73431D1E9DEE00A12225 /* 10.13039-100000054.citeproc-json */ = {isa = PBXFileReference; fileEncoding = 4; lastKnownFileType = text; path = "10.13039-100000054.citeproc-json"; sourceTree = "<group>"; };
		5F571C7A1CC32774003471D5 /* MPTimer.framework */ = {isa = PBXFileReference; lastKnownFileType = wrapper.framework; name = MPTimer.framework; path = Carthage/Build/Mac/MPTimer.framework; sourceTree = "<group>"; };
		5F571C7B1CC32774003471D5 /* MPTimer.framework.dSYM */ = {isa = PBXFileReference; lastKnownFileType = wrapper.dsym; name = MPTimer.framework.dSYM; path = Carthage/Build/Mac/MPTimer.framework.dSYM; sourceTree = "<group>"; };
		5F57FB421CCCDC2000EBF750 /* MPRateLimiter.framework */ = {isa = PBXFileReference; lastKnownFileType = wrapper.framework; name = MPRateLimiter.framework; path = ../../Build/Mac/MPRateLimiter.framework; sourceTree = "<group>"; };
		5F57FB431CCCDC2000EBF750 /* MPRateLimiter.framework.dSYM */ = {isa = PBXFileReference; lastKnownFileType = wrapper.dsym; name = MPRateLimiter.framework.dSYM; path = ../../Build/Mac/MPRateLimiter.framework.dSYM; sourceTree = "<group>"; };
		5F7EE47C1CB7E52700F4B7EA /* Freddy.framework */ = {isa = PBXFileReference; lastKnownFileType = wrapper.framework; name = Freddy.framework; path = Carthage/Build/Mac/Freddy.framework; sourceTree = "<group>"; };
		5F7EE47D1CB7E52700F4B7EA /* Freddy.framework.dSYM */ = {isa = PBXFileReference; lastKnownFileType = wrapper.dsym; name = Freddy.framework.dSYM; path = Carthage/Build/Mac/Freddy.framework.dSYM; sourceTree = "<group>"; };
		5F7EE49B1CBA9B8D00F4B7EA /* JSExample.extension */ = {isa = PBXFileReference; explicitFileType = wrapper.cfbundle; includeInIndex = 0; path = JSExample.extension; sourceTree = BUILT_PRODUCTS_DIR; };
		5F7EE49D1CBA9B8D00F4B7EA /* Info.plist */ = {isa = PBXFileReference; lastKnownFileType = text.plist.xml; path = Info.plist; sourceTree = "<group>"; };
		5F7EE4A61CBAC4A100F4B7EA /* example-1.js */ = {isa = PBXFileReference; fileEncoding = 4; lastKnownFileType = sourcecode.javascript; path = "example-1.js"; sourceTree = "<group>"; };
		5F7EE4A81CBAC4A800F4B7EA /* example-2.js */ = {isa = PBXFileReference; fileEncoding = 4; lastKnownFileType = sourcecode.javascript; path = "example-2.js"; sourceTree = "<group>"; };
		5FC2B2DD1CBD3C49001F77FB /* index.html */ = {isa = PBXFileReference; fileEncoding = 4; lastKnownFileType = text.html; name = index.html; path = app/index.html; sourceTree = "<group>"; };
		5FC2B2DF1CBD3D33001F77FB /* scripts */ = {isa = PBXFileReference; lastKnownFileType = folder; name = scripts; path = dist/scripts; sourceTree = "<group>"; };
		5FC2B2E01CBD3D33001F77FB /* styles */ = {isa = PBXFileReference; lastKnownFileType = folder; name = styles; path = dist/styles; sourceTree = "<group>"; };
		5FEB0D3B1CF329AC00D304B1 /* Cocoa.framework */ = {isa = PBXFileReference; lastKnownFileType = wrapper.framework; name = Cocoa.framework; path = System/Library/Frameworks/Cocoa.framework; sourceTree = SDKROOT; };
		5FEB0D3D1CF32C7900D304B1 /* PMID-reference-example.html */ = {isa = PBXFileReference; fileEncoding = 4; lastKnownFileType = text.html; path = "PMID-reference-example.html"; sourceTree = "<group>"; };
/* End PBXFileReference section */

/* Begin PBXFrameworksBuildPhase section */
		5F1996871CB5AE8F00B1C5DB /* Frameworks */ = {
			isa = PBXFrameworksBuildPhase;
			buildActionMask = 2147483647;
			files = (
				5FEB0D3C1CF329AC00D304B1 /* Cocoa.framework in Frameworks */,
				536C47A522FDB13C004281C6 /* MPTimer in Frameworks */,
				5F1996AE1CB5B32100B1C5DB /* JavaScriptCore.framework in Frameworks */,
				5F1996AC1CB5B31D00B1C5DB /* WebKit.framework in Frameworks */,
				536C47A222FDB129004281C6 /* MPRateLimiter in Frameworks */,
			);
			runOnlyForDeploymentPostprocessing = 0;
		};
		5F1996B21CB5B58400B1C5DB /* Frameworks */ = {
			isa = PBXFrameworksBuildPhase;
			buildActionMask = 2147483647;
			files = (
				5F1996BA1CB5B58400B1C5DB /* Extensions.framework in Frameworks */,
				5F44B8231CCAE7260047A4F0 /* WebKit.framework in Frameworks */,
			);
			runOnlyForDeploymentPostprocessing = 0;
		};
		5F7EE4981CBA9B8D00F4B7EA /* Frameworks */ = {
			isa = PBXFrameworksBuildPhase;
			buildActionMask = 2147483647;
			files = (
			);
			runOnlyForDeploymentPostprocessing = 0;
		};
/* End PBXFrameworksBuildPhase section */

/* Begin PBXGroup section */
		5F1996811CB5AE8F00B1C5DB = {
			isa = PBXGroup;
			children = (
				5347ADC322FDD9F6008D148D /* Package.swift */,
				5F19968D1CB5AE8F00B1C5DB /* Extensions */,
				5F1996B61CB5B58400B1C5DB /* ExtensionsTests */,
				5F1996D71CB7E1EC00B1C5DB /* Frameworks */,
				5F7EE49C1CBA9B8D00F4B7EA /* JSExample */,
				5F19968C1CB5AE8F00B1C5DB /* Products */,
			);
			sourceTree = "<group>";
		};
		5F19968C1CB5AE8F00B1C5DB /* Products */ = {
			isa = PBXGroup;
			children = (
				5F19968B1CB5AE8F00B1C5DB /* Extensions.framework */,
				5F1996B51CB5B58400B1C5DB /* ExtensionsTests.xctest */,
				5F7EE49B1CBA9B8D00F4B7EA /* JSExample.extension */,
			);
			name = Products;
			sourceTree = "<group>";
		};
		5F19968D1CB5AE8F00B1C5DB /* Extensions */ = {
			isa = PBXGroup;
			children = (
				5F19968E1CB5AE8F00B1C5DB /* Extensions.h */,
				5F1996901CB5AE8F00B1C5DB /* Info.plist */,
				5F44B82E1CCBA58C0047A4F0 /* Cocoa Extensions */,
				5F34E2D01CC7FD7E00A5DAF1 /* Model Protocols */,
				5F571C921CC41975003471D5 /* Processor Protocols */,
			);
			path = Extensions;
			sourceTree = "<group>";
		};
		5F1996B61CB5B58400B1C5DB /* ExtensionsTests */ = {
			isa = PBXGroup;
			children = (
				5F44B8431CCBF9060047A4F0 /* 10.1038-nrd842.citeproc-json */,
				5F34E2BF1CC7E84B00A5DAF1 /* biolit.html */,
				5FEB0D3D1CF32C7900D304B1 /* PMID-reference-example.html */,
				5F1996B91CB5B58400B1C5DB /* Info.plist */,
				5F44B8341CCBAABB0047A4F0 /* 1304383.pubmed-xml */,
				5F44B82C1CCBA4BA0047A4F0 /* 1HIV.rcsb-xml */,
				5F1996B71CB5B58400B1C5DB /* ExtensionsTests.swift */,
				5F4D73411D1E982E00A12225 /* 10.1002-0470841559.ch1.citeproc-json */,
				5F4D73431D1E9DEE00A12225 /* 10.13039-100000054.citeproc-json */,
			);
			path = ExtensionsTests;
			sourceTree = "<group>";
		};
		5F1996D71CB7E1EC00B1C5DB /* Frameworks */ = {
			isa = PBXGroup;
			children = (
				5FEB0D3B1CF329AC00D304B1 /* Cocoa.framework */,
				5F57FB421CCCDC2000EBF750 /* MPRateLimiter.framework */,
				5F57FB431CCCDC2000EBF750 /* MPRateLimiter.framework.dSYM */,
				5F44B82F1CCBA79A0047A4F0 /* OHHTTPStubs.framework */,
				5F44B8301CCBA79A0047A4F0 /* OHHTTPStubs.framework.dSYM */,
				5F44B8181CCACCE20047A4F0 /* SWXMLHash.framework */,
				5F44B8191CCACCE20047A4F0 /* SWXMLHash.framework.dSYM */,
				5F34E2C11CC7E88D00A5DAF1 /* RegexKitLite.framework */,
				5F34E2C21CC7E88D00A5DAF1 /* RegexKitLite.framework.dSYM */,
				5F7EE47C1CB7E52700F4B7EA /* Freddy.framework */,
				5F7EE47D1CB7E52700F4B7EA /* Freddy.framework.dSYM */,
				5F571C7A1CC32774003471D5 /* MPTimer.framework */,
				5F571C7B1CC32774003471D5 /* MPTimer.framework.dSYM */,
				5F1996AD1CB5B32100B1C5DB /* JavaScriptCore.framework */,
				5F1996AB1CB5B31D00B1C5DB /* WebKit.framework */,
			);
			name = Frameworks;
			sourceTree = "<group>";
		};
		5F34E2D01CC7FD7E00A5DAF1 /* Model Protocols */ = {
			isa = PBXGroup;
			children = (
				530194342304154200F479AF /* BibliographicDate.swift */,
				5301942C2304154100F479AF /* BibliographicName.swift */,
				5301942F2304154100F479AF /* BibliographyItem.swift */,
				530194302304154100F479AF /* DictionaryRepresentable.swift */,
				5301942D2304154100F479AF /* ElementRepresentable.swift */,
				530194272304154000F479AF /* Elements.swift */,
				530194242304154000F479AF /* HTMLSnippetRepresentable.swift */,
				530194282304154000F479AF /* Mathematical.swift */,
			);
			name = "Model Protocols";
			sourceTree = "<group>";
		};
		5F44B82E1CCBA58C0047A4F0 /* Cocoa Extensions */ = {
			isa = PBXGroup;
			children = (
				530194252304154000F479AF /* Dictionary+Extensions.swift */,
				5301942B2304154100F479AF /* Int+Extensions.swift */,
				530194352304154200F479AF /* NSFileManager+Extensions.swift */,
				5301942A2304154100F479AF /* NSNumber+Extensions.swift */,
				530194372304154200F479AF /* NSString+Extensions.swift */,
				530194382304154200F479AF /* NSURLConnection+Extensions.swift */,
				530194292304154000F479AF /* NSView+Extensions.swift */,
				530194332304154200F479AF /* NSXMLNode+Extensions.swift */,
				530194312304154100F479AF /* Range+Extensions.swift */,
				530194262304154000F479AF /* SequenceType+Extensions.swift */,
				530194392304154200F479AF /* String+Extensions.swift */,
			);
			name = "Cocoa Extensions";
			sourceTree = "<group>";
		};
		5F571C921CC41975003471D5 /* Processor Protocols */ = {
			isa = PBXGroup;
			children = (
				530194232304154000F479AF /* DocumentProcessor.swift */,
				5301943A2304154200F479AF /* DocumentProcessorError.swift */,
				530194322304154100F479AF /* ElementProcessor.swift */,
				530194362304154200F479AF /* FragmentProcessor.swift */,
			);
			name = "Processor Protocols";
			sourceTree = "<group>";
		};
		5F7EE49C1CBA9B8D00F4B7EA /* JSExample */ = {
			isa = PBXGroup;
			children = (
				5F7EE4A31CBA9C0100F4B7EA /* Resources */,
				5F7EE49D1CBA9B8D00F4B7EA /* Info.plist */,
			);
			path = JSExample;
			sourceTree = "<group>";
		};
		5F7EE4A31CBA9C0100F4B7EA /* Resources */ = {
			isa = PBXGroup;
			children = (
				5FC2B2DF1CBD3D33001F77FB /* scripts */,
				5FC2B2E01CBD3D33001F77FB /* styles */,
				5FC2B2DD1CBD3C49001F77FB /* index.html */,
				5F7EE4A61CBAC4A100F4B7EA /* example-1.js */,
				5F7EE4A81CBAC4A800F4B7EA /* example-2.js */,
			);
			name = Resources;
			sourceTree = "<group>";
		};
/* End PBXGroup section */

/* Begin PBXHeadersBuildPhase section */
		5F1996881CB5AE8F00B1C5DB /* Headers */ = {
			isa = PBXHeadersBuildPhase;
			buildActionMask = 2147483647;
			files = (
				5F19968F1CB5AE8F00B1C5DB /* Extensions.h in Headers */,
			);
			runOnlyForDeploymentPostprocessing = 0;
		};
/* End PBXHeadersBuildPhase section */

/* Begin PBXNativeTarget section */
		5F19968A1CB5AE8F00B1C5DB /* Extensions */ = {
			isa = PBXNativeTarget;
			buildConfigurationList = 5F1996931CB5AE8F00B1C5DB /* Build configuration list for PBXNativeTarget "Extensions" */;
			buildPhases = (
				5F1996861CB5AE8F00B1C5DB /* Sources */,
				5F1996871CB5AE8F00B1C5DB /* Frameworks */,
				5F1996881CB5AE8F00B1C5DB /* Headers */,
				5F1996891CB5AE8F00B1C5DB /* Resources */,
				5F7EE4901CB85C4900F4B7EA /* Copy JS Resources */,
				5F7EE4A11CBA9B9900F4B7EA /* Copy Extensions */,
			);
			buildRules = (
			);
			dependencies = (
			);
			name = Extensions;
			packageProductDependencies = (
				536C47A122FDB129004281C6 /* MPRateLimiter */,
				536C47A422FDB13C004281C6 /* MPTimer */,
			);
			productName = Extensions;
			productReference = 5F19968B1CB5AE8F00B1C5DB /* Extensions.framework */;
			productType = "com.apple.product-type.framework";
		};
		5F1996B41CB5B58400B1C5DB /* ExtensionsTests */ = {
			isa = PBXNativeTarget;
			buildConfigurationList = 5F1996BD1CB5B58400B1C5DB /* Build configuration list for PBXNativeTarget "ExtensionsTests" */;
			buildPhases = (
				5F1996B11CB5B58400B1C5DB /* Sources */,
				5F1996B21CB5B58400B1C5DB /* Frameworks */,
				5F1996B31CB5B58400B1C5DB /* Resources */,
				5F7EE4AD1CBAD42E00F4B7EA /* Copy Frameworks */,
			);
			buildRules = (
			);
			dependencies = (
				5F1996BC1CB5B58400B1C5DB /* PBXTargetDependency */,
			);
			name = ExtensionsTests;
			productName = ExtensionsTests;
			productReference = 5F1996B51CB5B58400B1C5DB /* ExtensionsTests.xctest */;
			productType = "com.apple.product-type.bundle.unit-test";
		};
		5F7EE49A1CBA9B8D00F4B7EA /* JSExample */ = {
			isa = PBXNativeTarget;
			buildConfigurationList = 5F7EE49E1CBA9B8D00F4B7EA /* Build configuration list for PBXNativeTarget "JSExample" */;
			buildPhases = (
				5F7EE4971CBA9B8D00F4B7EA /* Sources */,
				5F7EE4981CBA9B8D00F4B7EA /* Frameworks */,
				5F7EE4991CBA9B8D00F4B7EA /* Resources */,
			);
			buildRules = (
			);
			dependencies = (
			);
			name = JSExample;
			productName = JSExample;
			productReference = 5F7EE49B1CBA9B8D00F4B7EA /* JSExample.extension */;
			productType = "com.apple.product-type.bundle";
		};
/* End PBXNativeTarget section */

/* Begin PBXProject section */
		5F1996821CB5AE8F00B1C5DB /* Project object */ = {
			isa = PBXProject;
			attributes = {
				LastSwiftUpdateCheck = 0730;
				LastUpgradeCheck = 1020;
				ORGANIZATIONNAME = "Manuscripts.app Limited";
				TargetAttributes = {
					5F19968A1CB5AE8F00B1C5DB = {
						CreatedOnToolsVersion = 7.3;
						LastSwiftMigration = 0900;
					};
					5F1996B41CB5B58400B1C5DB = {
						CreatedOnToolsVersion = 7.3;
						LastSwiftMigration = 0900;
					};
					5F7EE49A1CBA9B8D00F4B7EA = {
						CreatedOnToolsVersion = 7.3;
						DevelopmentTeam = SJK358RN87;
						DevelopmentTeamName = "Manuscripts.app Limited";
						ProvisioningStyle = Automatic;
					};
				};
			};
			buildConfigurationList = 5F1996851CB5AE8F00B1C5DB /* Build configuration list for PBXProject "Extensions" */;
			compatibilityVersion = "Xcode 3.2";
			developmentRegion = en;
			hasScannedForEncodings = 0;
			knownRegions = (
				en,
				Base,
			);
			mainGroup = 5F1996811CB5AE8F00B1C5DB;
			packageReferences = (
				536C47A022FDB129004281C6 /* XCRemoteSwiftPackageReference "MPRateLimiter" */,
				536C47A322FDB13C004281C6 /* XCRemoteSwiftPackageReference "MPTimer" */,
			);
			productRefGroup = 5F19968C1CB5AE8F00B1C5DB /* Products */;
			projectDirPath = "";
			projectRoot = "";
			targets = (
				5F19968A1CB5AE8F00B1C5DB /* Extensions */,
				5F1996B41CB5B58400B1C5DB /* ExtensionsTests */,
				5F7EE49A1CBA9B8D00F4B7EA /* JSExample */,
			);
		};
/* End PBXProject section */

/* Begin PBXResourcesBuildPhase section */
		5F1996891CB5AE8F00B1C5DB /* Resources */ = {
			isa = PBXResourcesBuildPhase;
			buildActionMask = 2147483647;
			files = (
			);
			runOnlyForDeploymentPostprocessing = 0;
		};
		5F1996B31CB5B58400B1C5DB /* Resources */ = {
			isa = PBXResourcesBuildPhase;
			buildActionMask = 2147483647;
			files = (
				5F44B8441CCBF9060047A4F0 /* 10.1038-nrd842.citeproc-json in Resources */,
				5FEB0D3E1CF32C7900D304B1 /* PMID-reference-example.html in Resources */,
				5F4D73421D1E982E00A12225 /* 10.1002-0470841559.ch1.citeproc-json in Resources */,
				5F4D73441D1E9DEE00A12225 /* 10.13039-100000054.citeproc-json in Resources */,
				5F44B82D1CCBA4BA0047A4F0 /* 1HIV.rcsb-xml in Resources */,
				5F44B8351CCBAABB0047A4F0 /* 1304383.pubmed-xml in Resources */,
				5F34E2C01CC7E84B00A5DAF1 /* biolit.html in Resources */,
			);
			runOnlyForDeploymentPostprocessing = 0;
		};
		5F7EE4991CBA9B8D00F4B7EA /* Resources */ = {
			isa = PBXResourcesBuildPhase;
			buildActionMask = 2147483647;
			files = (
				5FC2B2E21CBD3D33001F77FB /* styles in Resources */,
				5F7EE4AB1CBAD42200F4B7EA /* example-1.js in Resources */,
				5F7EE4AC1CBAD42200F4B7EA /* example-2.js in Resources */,
				5FC2B2DE1CBD3C49001F77FB /* index.html in Resources */,
				5FC2B2E11CBD3D33001F77FB /* scripts in Resources */,
			);
			runOnlyForDeploymentPostprocessing = 0;
		};
/* End PBXResourcesBuildPhase section */

/* Begin PBXSourcesBuildPhase section */
		5F1996861CB5AE8F00B1C5DB /* Sources */ = {
			isa = PBXSourcesBuildPhase;
			buildActionMask = 2147483647;
			files = (
				5301943E2304154300F479AF /* SequenceType+Extensions.swift in Sources */,
				5301943B2304154300F479AF /* DocumentProcessor.swift in Sources */,
				530194462304154300F479AF /* BibliographyItem.swift in Sources */,
				530194512304154300F479AF /* DocumentProcessorError.swift in Sources */,
				530194422304154300F479AF /* NSNumber+Extensions.swift in Sources */,
				530194452304154300F479AF /* ElementRepresentable.swift in Sources */,
				5301944D2304154300F479AF /* FragmentProcessor.swift in Sources */,
				530194482304154300F479AF /* Range+Extensions.swift in Sources */,
				5301943F2304154300F479AF /* Elements.swift in Sources */,
				5301944F2304154300F479AF /* NSURLConnection+Extensions.swift in Sources */,
				530194412304154300F479AF /* NSView+Extensions.swift in Sources */,
				5301944A2304154300F479AF /* NSXMLNode+Extensions.swift in Sources */,
				530194432304154300F479AF /* Int+Extensions.swift in Sources */,
				5301943C2304154300F479AF /* HTMLSnippetRepresentable.swift in Sources */,
				530194472304154300F479AF /* DictionaryRepresentable.swift in Sources */,
				5301944C2304154300F479AF /* NSFileManager+Extensions.swift in Sources */,
				5301944B2304154300F479AF /* BibliographicDate.swift in Sources */,
				530194492304154300F479AF /* ElementProcessor.swift in Sources */,
				5301943D2304154300F479AF /* Dictionary+Extensions.swift in Sources */,
				530194402304154300F479AF /* Mathematical.swift in Sources */,
				530194502304154300F479AF /* String+Extensions.swift in Sources */,
				5301944E2304154300F479AF /* NSString+Extensions.swift in Sources */,
				530194442304154300F479AF /* BibliographicName.swift in Sources */,
			);
			runOnlyForDeploymentPostprocessing = 0;
		};
		5F1996B11CB5B58400B1C5DB /* Sources */ = {
			isa = PBXSourcesBuildPhase;
			buildActionMask = 2147483647;
			files = (
				5F1996B81CB5B58400B1C5DB /* ExtensionsTests.swift in Sources */,
			);
			runOnlyForDeploymentPostprocessing = 0;
		};
		5F7EE4971CBA9B8D00F4B7EA /* Sources */ = {
			isa = PBXSourcesBuildPhase;
			buildActionMask = 2147483647;
			files = (
			);
			runOnlyForDeploymentPostprocessing = 0;
		};
/* End PBXSourcesBuildPhase section */

/* Begin PBXTargetDependency section */
		5F1996BC1CB5B58400B1C5DB /* PBXTargetDependency */ = {
			isa = PBXTargetDependency;
			target = 5F19968A1CB5AE8F00B1C5DB /* Extensions */;
			targetProxy = 5F1996BB1CB5B58400B1C5DB /* PBXContainerItemProxy */;
		};
/* End PBXTargetDependency section */

/* Begin XCBuildConfiguration section */
		5F1996911CB5AE8F00B1C5DB /* Debug */ = {
			isa = XCBuildConfiguration;
			buildSettings = {
				ALWAYS_SEARCH_USER_PATHS = NO;
				CLANG_ANALYZER_LOCALIZABILITY_NONLOCALIZED = YES;
				CLANG_ANALYZER_NONNULL = YES;
				CLANG_CXX_LANGUAGE_STANDARD = "gnu++0x";
				CLANG_CXX_LIBRARY = "libc++";
				CLANG_ENABLE_MODULES = YES;
				CLANG_ENABLE_OBJC_ARC = YES;
				CLANG_WARN_BLOCK_CAPTURE_AUTORELEASING = YES;
				CLANG_WARN_BOOL_CONVERSION = YES;
				CLANG_WARN_COMMA = YES;
				CLANG_WARN_CONSTANT_CONVERSION = YES;
				CLANG_WARN_DEPRECATED_OBJC_IMPLEMENTATIONS = YES;
				CLANG_WARN_DIRECT_OBJC_ISA_USAGE = YES_ERROR;
				CLANG_WARN_EMPTY_BODY = YES;
				CLANG_WARN_ENUM_CONVERSION = YES;
				CLANG_WARN_INFINITE_RECURSION = YES;
				CLANG_WARN_INT_CONVERSION = YES;
				CLANG_WARN_NON_LITERAL_NULL_CONVERSION = YES;
				CLANG_WARN_OBJC_IMPLICIT_RETAIN_SELF = YES;
				CLANG_WARN_OBJC_LITERAL_CONVERSION = YES;
				CLANG_WARN_OBJC_ROOT_CLASS = YES_ERROR;
				CLANG_WARN_RANGE_LOOP_ANALYSIS = YES;
				CLANG_WARN_STRICT_PROTOTYPES = YES;
				CLANG_WARN_SUSPICIOUS_MOVE = YES;
				CLANG_WARN_UNREACHABLE_CODE = YES;
				CLANG_WARN__DUPLICATE_METHOD_MATCH = YES;
				CODE_SIGN_IDENTITY = "-";
				COPY_PHASE_STRIP = NO;
				CURRENT_PROJECT_VERSION = 1;
				DEBUG_INFORMATION_FORMAT = dwarf;
				ENABLE_STRICT_OBJC_MSGSEND = YES;
				ENABLE_TESTABILITY = YES;
				GCC_C_LANGUAGE_STANDARD = gnu99;
				GCC_DYNAMIC_NO_PIC = NO;
				GCC_NO_COMMON_BLOCKS = YES;
				GCC_OPTIMIZATION_LEVEL = 0;
				GCC_PREPROCESSOR_DEFINITIONS = (
					"DEBUG=1",
					"$(inherited)",
				);
				GCC_WARN_64_TO_32_BIT_CONVERSION = YES;
				GCC_WARN_ABOUT_RETURN_TYPE = YES_ERROR;
				GCC_WARN_UNDECLARED_SELECTOR = YES;
				GCC_WARN_UNINITIALIZED_AUTOS = YES_AGGRESSIVE;
				GCC_WARN_UNUSED_FUNCTION = YES;
				GCC_WARN_UNUSED_VARIABLE = YES;
				MACOSX_DEPLOYMENT_TARGET = 10.11;
				MTL_ENABLE_DEBUG_INFO = YES;
				ONLY_ACTIVE_ARCH = YES;
				SDKROOT = macosx;
				SWIFT_OPTIMIZATION_LEVEL = "-Onone";
				SWIFT_VERSION = 5.0;
				VERSIONING_SYSTEM = "apple-generic";
				VERSION_INFO_PREFIX = "";
			};
			name = Debug;
		};
		5F1996921CB5AE8F00B1C5DB /* Release */ = {
			isa = XCBuildConfiguration;
			buildSettings = {
				ALWAYS_SEARCH_USER_PATHS = NO;
				CLANG_ANALYZER_LOCALIZABILITY_NONLOCALIZED = YES;
				CLANG_ANALYZER_NONNULL = YES;
				CLANG_CXX_LANGUAGE_STANDARD = "gnu++0x";
				CLANG_CXX_LIBRARY = "libc++";
				CLANG_ENABLE_MODULES = YES;
				CLANG_ENABLE_OBJC_ARC = YES;
				CLANG_WARN_BLOCK_CAPTURE_AUTORELEASING = YES;
				CLANG_WARN_BOOL_CONVERSION = YES;
				CLANG_WARN_COMMA = YES;
				CLANG_WARN_CONSTANT_CONVERSION = YES;
				CLANG_WARN_DEPRECATED_OBJC_IMPLEMENTATIONS = YES;
				CLANG_WARN_DIRECT_OBJC_ISA_USAGE = YES_ERROR;
				CLANG_WARN_EMPTY_BODY = YES;
				CLANG_WARN_ENUM_CONVERSION = YES;
				CLANG_WARN_INFINITE_RECURSION = YES;
				CLANG_WARN_INT_CONVERSION = YES;
				CLANG_WARN_NON_LITERAL_NULL_CONVERSION = YES;
				CLANG_WARN_OBJC_IMPLICIT_RETAIN_SELF = YES;
				CLANG_WARN_OBJC_LITERAL_CONVERSION = YES;
				CLANG_WARN_OBJC_ROOT_CLASS = YES_ERROR;
				CLANG_WARN_RANGE_LOOP_ANALYSIS = YES;
				CLANG_WARN_STRICT_PROTOTYPES = YES;
				CLANG_WARN_SUSPICIOUS_MOVE = YES;
				CLANG_WARN_UNREACHABLE_CODE = YES;
				CLANG_WARN__DUPLICATE_METHOD_MATCH = YES;
				CODE_SIGN_IDENTITY = "-";
				COPY_PHASE_STRIP = NO;
				CURRENT_PROJECT_VERSION = 1;
				DEBUG_INFORMATION_FORMAT = "dwarf-with-dsym";
				ENABLE_NS_ASSERTIONS = NO;
				ENABLE_STRICT_OBJC_MSGSEND = YES;
				GCC_C_LANGUAGE_STANDARD = gnu99;
				GCC_NO_COMMON_BLOCKS = YES;
				GCC_WARN_64_TO_32_BIT_CONVERSION = YES;
				GCC_WARN_ABOUT_RETURN_TYPE = YES_ERROR;
				GCC_WARN_UNDECLARED_SELECTOR = YES;
				GCC_WARN_UNINITIALIZED_AUTOS = YES_AGGRESSIVE;
				GCC_WARN_UNUSED_FUNCTION = YES;
				GCC_WARN_UNUSED_VARIABLE = YES;
				MACOSX_DEPLOYMENT_TARGET = 10.11;
				MTL_ENABLE_DEBUG_INFO = NO;
				SDKROOT = macosx;
				SWIFT_COMPILATION_MODE = wholemodule;
				SWIFT_OPTIMIZATION_LEVEL = "-O";
				SWIFT_VERSION = 5.0;
				VERSIONING_SYSTEM = "apple-generic";
				VERSION_INFO_PREFIX = "";
			};
			name = Release;
		};
		5F1996941CB5AE8F00B1C5DB /* Debug */ = {
			isa = XCBuildConfiguration;
			buildSettings = {
				CLANG_ENABLE_MODULES = YES;
				COMBINE_HIDPI_IMAGES = YES;
				DEFINES_MODULE = YES;
				DYLIB_COMPATIBILITY_VERSION = 1;
				DYLIB_CURRENT_VERSION = 1;
				DYLIB_INSTALL_NAME_BASE = "@rpath";
				FRAMEWORK_SEARCH_PATHS = (
					$SRCROOT/Carthage/Build/Mac,
					"$(PROJECT_DIR)/Carthage/Build/Mac",
				);
				FRAMEWORK_VERSION = A;
				INFOPLIST_FILE = Extensions/Info.plist;
				INSTALL_PATH = "$(LOCAL_LIBRARY_DIR)/Frameworks";
				LD_RUNPATH_SEARCH_PATHS = (
					"$(inherited)",
					"@executable_path/../Frameworks",
					"@loader_path/Frameworks",
				);
				MACOSX_DEPLOYMENT_TARGET = 10.10;
				PRODUCT_BUNDLE_IDENTIFIER = com.manuscriptsapp.Extensions;
				PRODUCT_NAME = "$(TARGET_NAME)";
				SKIP_INSTALL = YES;
				SWIFT_OPTIMIZATION_LEVEL = "-Onone";
				SWIFT_SWIFT3_OBJC_INFERENCE = Off;
				SWIFT_VERSION = 5.0;
			};
			name = Debug;
		};
		5F1996951CB5AE8F00B1C5DB /* Release */ = {
			isa = XCBuildConfiguration;
			buildSettings = {
				CLANG_ENABLE_MODULES = YES;
				COMBINE_HIDPI_IMAGES = YES;
				DEFINES_MODULE = YES;
				DYLIB_COMPATIBILITY_VERSION = 1;
				DYLIB_CURRENT_VERSION = 1;
				DYLIB_INSTALL_NAME_BASE = "@rpath";
				FRAMEWORK_SEARCH_PATHS = (
					$SRCROOT/Carthage/Build/Mac,
					"$(PROJECT_DIR)/Carthage/Build/Mac",
				);
				FRAMEWORK_VERSION = A;
				INFOPLIST_FILE = Extensions/Info.plist;
				INSTALL_PATH = "$(LOCAL_LIBRARY_DIR)/Frameworks";
				LD_RUNPATH_SEARCH_PATHS = (
					"$(inherited)",
					"@executable_path/../Frameworks",
					"@loader_path/Frameworks",
				);
				MACOSX_DEPLOYMENT_TARGET = 10.10;
				PRODUCT_BUNDLE_IDENTIFIER = com.manuscriptsapp.Extensions;
				PRODUCT_NAME = "$(TARGET_NAME)";
				SKIP_INSTALL = YES;
				SWIFT_SWIFT3_OBJC_INFERENCE = Off;
				SWIFT_VERSION = 5.0;
			};
			name = Release;
		};
		5F1996BE1CB5B58400B1C5DB /* Debug */ = {
			isa = XCBuildConfiguration;
			buildSettings = {
				COMBINE_HIDPI_IMAGES = YES;
				FRAMEWORK_SEARCH_PATHS = (
					"$(inherited)",
					"$(PROJECT_DIR)/Carthage/Build/Mac",
				);
				INFOPLIST_FILE = ExtensionsTests/Info.plist;
				LD_RUNPATH_SEARCH_PATHS = (
					"$(inherited)",
					"@executable_path/../Frameworks",
					"@loader_path/../Frameworks",
				);
				PRODUCT_BUNDLE_IDENTIFIER = com.manuscriptsapp.ExtensionsTests;
				PRODUCT_NAME = "$(TARGET_NAME)";
				SWIFT_SWIFT3_OBJC_INFERENCE = Off;
				SWIFT_VERSION = 5.0;
			};
			name = Debug;
		};
		5F1996BF1CB5B58400B1C5DB /* Release */ = {
			isa = XCBuildConfiguration;
			buildSettings = {
				COMBINE_HIDPI_IMAGES = YES;
				FRAMEWORK_SEARCH_PATHS = (
					"$(inherited)",
					"$(PROJECT_DIR)/Carthage/Build/Mac",
				);
				INFOPLIST_FILE = ExtensionsTests/Info.plist;
				LD_RUNPATH_SEARCH_PATHS = (
					"$(inherited)",
					"@executable_path/../Frameworks",
					"@loader_path/../Frameworks",
				);
				PRODUCT_BUNDLE_IDENTIFIER = com.manuscriptsapp.ExtensionsTests;
				PRODUCT_NAME = "$(TARGET_NAME)";
				SWIFT_SWIFT3_OBJC_INFERENCE = Off;
				SWIFT_VERSION = 5.0;
			};
			name = Release;
		};
		5F7EE49F1CBA9B8D00F4B7EA /* Debug */ = {
			isa = XCBuildConfiguration;
			buildSettings = {
				CODE_SIGN_IDENTITY = "";
				COMBINE_HIDPI_IMAGES = YES;
				INFOPLIST_FILE = JSExample/Info.plist;
				INSTALL_PATH = "$(LOCAL_LIBRARY_DIR)/Bundles";
				PRODUCT_BUNDLE_IDENTIFIER = com.manuscriptsapp.JSExample;
				PRODUCT_NAME = "$(TARGET_NAME)";
				SKIP_INSTALL = YES;
				WRAPPER_EXTENSION = extension;
			};
			name = Debug;
		};
		5F7EE4A01CBA9B8D00F4B7EA /* Release */ = {
			isa = XCBuildConfiguration;
			buildSettings = {
				CODE_SIGN_IDENTITY = "";
				COMBINE_HIDPI_IMAGES = YES;
				INFOPLIST_FILE = JSExample/Info.plist;
				INSTALL_PATH = "$(LOCAL_LIBRARY_DIR)/Bundles";
				PRODUCT_BUNDLE_IDENTIFIER = com.manuscriptsapp.JSExample;
				PRODUCT_NAME = "$(TARGET_NAME)";
				SKIP_INSTALL = YES;
				WRAPPER_EXTENSION = extension;
			};
			name = Release;
		};
/* End XCBuildConfiguration section */

/* Begin XCConfigurationList section */
		5F1996851CB5AE8F00B1C5DB /* Build configuration list for PBXProject "Extensions" */ = {
			isa = XCConfigurationList;
			buildConfigurations = (
				5F1996911CB5AE8F00B1C5DB /* Debug */,
				5F1996921CB5AE8F00B1C5DB /* Release */,
			);
			defaultConfigurationIsVisible = 0;
			defaultConfigurationName = Release;
		};
		5F1996931CB5AE8F00B1C5DB /* Build configuration list for PBXNativeTarget "Extensions" */ = {
			isa = XCConfigurationList;
			buildConfigurations = (
				5F1996941CB5AE8F00B1C5DB /* Debug */,
				5F1996951CB5AE8F00B1C5DB /* Release */,
			);
			defaultConfigurationIsVisible = 0;
			defaultConfigurationName = Release;
		};
		5F1996BD1CB5B58400B1C5DB /* Build configuration list for PBXNativeTarget "ExtensionsTests" */ = {
			isa = XCConfigurationList;
			buildConfigurations = (
				5F1996BE1CB5B58400B1C5DB /* Debug */,
				5F1996BF1CB5B58400B1C5DB /* Release */,
			);
			defaultConfigurationIsVisible = 0;
			defaultConfigurationName = Release;
		};
		5F7EE49E1CBA9B8D00F4B7EA /* Build configuration list for PBXNativeTarget "JSExample" */ = {
			isa = XCConfigurationList;
			buildConfigurations = (
				5F7EE49F1CBA9B8D00F4B7EA /* Debug */,
				5F7EE4A01CBA9B8D00F4B7EA /* Release */,
			);
			defaultConfigurationIsVisible = 0;
			defaultConfigurationName = Release;
		};
/* End XCConfigurationList section */

/* Begin XCRemoteSwiftPackageReference section */
		536C47A022FDB129004281C6 /* XCRemoteSwiftPackageReference "MPRateLimiter" */ = {
			isa = XCRemoteSwiftPackageReference;
			repositoryURL = "https://github.com/mpapp/MPRateLimiter";
			requirement = {
				branch = master;
				kind = branch;
			};
		};
		536C47A322FDB13C004281C6 /* XCRemoteSwiftPackageReference "MPTimer" */ = {
			isa = XCRemoteSwiftPackageReference;
			repositoryURL = "https://github.com/mpapp/MPTimer";
			requirement = {
				branch = master;
				kind = branch;
			};
		};
/* End XCRemoteSwiftPackageReference section */

/* Begin XCSwiftPackageProductDependency section */
		536C47A122FDB129004281C6 /* MPRateLimiter */ = {
			isa = XCSwiftPackageProductDependency;
			package = 536C47A022FDB129004281C6 /* XCRemoteSwiftPackageReference "MPRateLimiter" */;
			productName = MPRateLimiter;
		};
		536C47A422FDB13C004281C6 /* MPTimer */ = {
			isa = XCSwiftPackageProductDependency;
			package = 536C47A322FDB13C004281C6 /* XCRemoteSwiftPackageReference "MPTimer" */;
			productName = MPTimer;
		};
/* End XCSwiftPackageProductDependency section */
	};
	rootObject = 5F1996821CB5AE8F00B1C5DB /* Project object */;
}
